// !$*UTF8*$!
{
	archiveVersion = 1;
	classes = {
	};
	objectVersion = 56;
	objects = {

/* Begin PBXBuildFile section */
		EE0D8C5A2BE23BAE00C4E47A /* OTPPopUpItem.swift in Sources */ = {isa = PBXBuildFile; fileRef = EE0D8C592BE23BAE00C4E47A /* OTPPopUpItem.swift */; };
		EE2DDD672BDBCB7B00361413 /* AppDelegate.swift in Sources */ = {isa = PBXBuildFile; fileRef = EE2DDD662BDBCB7B00361413 /* AppDelegate.swift */; };
		EE2DDD692BDBCB7B00361413 /* SceneDelegate.swift in Sources */ = {isa = PBXBuildFile; fileRef = EE2DDD682BDBCB7B00361413 /* SceneDelegate.swift */; };
		EE2DDD702BDBCB7D00361413 /* Assets.xcassets in Resources */ = {isa = PBXBuildFile; fileRef = EE2DDD6F2BDBCB7D00361413 /* Assets.xcassets */; };
		EE2DDD732BDBCB7D00361413 /* Base in Resources */ = {isa = PBXBuildFile; fileRef = EE2DDD722BDBCB7D00361413 /* Base */; };
		EE2DDD7E2BDBCB7E00361413 /* ShopfeeTests.swift in Sources */ = {isa = PBXBuildFile; fileRef = EE2DDD7D2BDBCB7E00361413 /* ShopfeeTests.swift */; };
		EE2DDD882BDBCB7E00361413 /* ShopfeeUITests.swift in Sources */ = {isa = PBXBuildFile; fileRef = EE2DDD872BDBCB7E00361413 /* ShopfeeUITests.swift */; };
		EE2DDD8A2BDBCB7E00361413 /* ShopfeeUITestsLaunchTests.swift in Sources */ = {isa = PBXBuildFile; fileRef = EE2DDD892BDBCB7E00361413 /* ShopfeeUITestsLaunchTests.swift */; };
		EE2DDD992BDBCD7700361413 /* .swiftlint.yml in Resources */ = {isa = PBXBuildFile; fileRef = EE2DDD972BDBCD7700361413 /* .swiftlint.yml */; };
		EE2DDD9F2BDBCE7600361413 /* Shopfee.xcstrings in Resources */ = {isa = PBXBuildFile; fileRef = EE2DDD9E2BDBCE7600361413 /* Shopfee.xcstrings */; };
		EE6B4F832BDE552300E173BC /* ShopfeeTextField.swift in Sources */ = {isa = PBXBuildFile; fileRef = EE6B4F822BDE552300E173BC /* ShopfeeTextField.swift */; };
		EE6EF9FE2BDFF4CF00E5C2E3 /* LoginView.swift in Sources */ = {isa = PBXBuildFile; fileRef = EE6EF9FC2BDFF4CF00E5C2E3 /* LoginView.swift */; };
		EE6EF9FF2BDFF4CF00E5C2E3 /* LoginViewModel.swift in Sources */ = {isa = PBXBuildFile; fileRef = EE6EF9FD2BDFF4CF00E5C2E3 /* LoginViewModel.swift */; };
		EE6EFA012BDFF5B300E5C2E3 /* LoginViewController.swift in Sources */ = {isa = PBXBuildFile; fileRef = EE6EFA002BDFF5B300E5C2E3 /* LoginViewController.swift */; };
		EE6EFA032BDFF64500E5C2E3 /* LoginCoordinator.swift in Sources */ = {isa = PBXBuildFile; fileRef = EE6EFA022BDFF64500E5C2E3 /* LoginCoordinator.swift */; };
		EE6EFA052BDFF6F400E5C2E3 /* LoginUseCase.swift in Sources */ = {isa = PBXBuildFile; fileRef = EE6EFA042BDFF6F400E5C2E3 /* LoginUseCase.swift */; };
		EE6EFA0B2BE0089B00E5C2E3 /* OTPView.swift in Sources */ = {isa = PBXBuildFile; fileRef = EE6EFA092BE0089B00E5C2E3 /* OTPView.swift */; };
		EE6EFA0C2BE0089B00E5C2E3 /* OTPViewModel.swift in Sources */ = {isa = PBXBuildFile; fileRef = EE6EFA0A2BE0089B00E5C2E3 /* OTPViewModel.swift */; };
		EE6EFA0E2BE008A900E5C2E3 /* OTPViewController.swift in Sources */ = {isa = PBXBuildFile; fileRef = EE6EFA0D2BE008A900E5C2E3 /* OTPViewController.swift */; };
		EE6EFA102BE008B600E5C2E3 /* OTPCoordinator.swift in Sources */ = {isa = PBXBuildFile; fileRef = EE6EFA0F2BE008B600E5C2E3 /* OTPCoordinator.swift */; };
		EE6EFA122BE00A7E00E5C2E3 /* OTPUseCase.swift in Sources */ = {isa = PBXBuildFile; fileRef = EE6EFA112BE00A7E00E5C2E3 /* OTPUseCase.swift */; };
		EE6EFA142BE0189D00E5C2E3 /* View+navigationTitle.swift in Sources */ = {isa = PBXBuildFile; fileRef = EE6EFA132BE0189D00E5C2E3 /* View+navigationTitle.swift */; };
		EE7939092BE26E79004FF13C /* ShopfeeLoadingView.swift in Sources */ = {isa = PBXBuildFile; fileRef = EE7939082BE26E79004FF13C /* ShopfeeLoadingView.swift */; };
		EE79390B2BE27083004FF13C /* loading.gif in Resources */ = {isa = PBXBuildFile; fileRef = EE79390A2BE27083004FF13C /* loading.gif */; };
		EE79390E2BE272E2004FF13C /* SendOTPView.swift in Sources */ = {isa = PBXBuildFile; fileRef = EE79390C2BE272E2004FF13C /* SendOTPView.swift */; };
		EE79390F2BE272E2004FF13C /* SendOTPViewModel.swift in Sources */ = {isa = PBXBuildFile; fileRef = EE79390D2BE272E2004FF13C /* SendOTPViewModel.swift */; };
		EE7939112BE27431004FF13C /* SendOTPViewController.swift in Sources */ = {isa = PBXBuildFile; fileRef = EE7939102BE27431004FF13C /* SendOTPViewController.swift */; };
		EE7939132BE274F5004FF13C /* SendOTPCoordinator.swift in Sources */ = {isa = PBXBuildFile; fileRef = EE7939122BE274F5004FF13C /* SendOTPCoordinator.swift */; };
		EE7939152BE2753C004FF13C /* SendOTPUseCase.swift in Sources */ = {isa = PBXBuildFile; fileRef = EE7939142BE2753C004FF13C /* SendOTPUseCase.swift */; };
		EE80C4E22BE245040001A599 /* PopUpTransitioningDelegate.swift in Sources */ = {isa = PBXBuildFile; fileRef = EE80C4E12BE245040001A599 /* PopUpTransitioningDelegate.swift */; };
		EE80C4E42BE25B440001A599 /* GifView.swift in Sources */ = {isa = PBXBuildFile; fileRef = EE80C4E32BE25B440001A599 /* GifView.swift */; };
		EEB7B54D2BE1173D00AF684F /* OTPTextField.swift in Sources */ = {isa = PBXBuildFile; fileRef = EEB7B54C2BE1173D00AF684F /* OTPTextField.swift */; };
		EED29DF62BE1615B00548AFE /* ShopfeeOTPTextField.swift in Sources */ = {isa = PBXBuildFile; fileRef = EED29DF52BE1615A00548AFE /* ShopfeeOTPTextField.swift */; };
		EED29DF92BE16DBA00548AFE /* PopUpView.swift in Sources */ = {isa = PBXBuildFile; fileRef = EED29DF82BE16DBA00548AFE /* PopUpView.swift */; };
		EED29DFB2BE1714100548AFE /* PopUpViewController.swift in Sources */ = {isa = PBXBuildFile; fileRef = EED29DFA2BE1714100548AFE /* PopUpViewController.swift */; };
		EED68E672BDD2EA800774A4B /* FoundationExtensions in Frameworks */ = {isa = PBXBuildFile; productRef = EED68E662BDD2EA800774A4B /* FoundationExtensions */; };
		EED68E6D2BDD40BB00774A4B /* RegisterView.swift in Sources */ = {isa = PBXBuildFile; fileRef = EED68E6B2BDD40BB00774A4B /* RegisterView.swift */; };
		EED68E6E2BDD40BB00774A4B /* RegisterViewModel.swift in Sources */ = {isa = PBXBuildFile; fileRef = EED68E6C2BDD40BB00774A4B /* RegisterViewModel.swift */; };
		EED68E702BDD40C500774A4B /* RegisterViewController.swift in Sources */ = {isa = PBXBuildFile; fileRef = EED68E6F2BDD40C500774A4B /* RegisterViewController.swift */; };
		EED68E722BDD40CD00774A4B /* RegisterCoordinator.swift in Sources */ = {isa = PBXBuildFile; fileRef = EED68E712BDD40CD00774A4B /* RegisterCoordinator.swift */; };
		EED68E742BDD41E800774A4B /* RegisterUseCase.swift in Sources */ = {isa = PBXBuildFile; fileRef = EED68E732BDD41E800774A4B /* RegisterUseCase.swift */; };
		EED68E7E2BDD52FA00774A4B /* MakeConstraints in Frameworks */ = {isa = PBXBuildFile; productRef = EED68E7D2BDD52FA00774A4B /* MakeConstraints */; };
		EED68E802BDD6FFD00774A4B /* OpenFromCenterPresentAnimator.swift in Sources */ = {isa = PBXBuildFile; fileRef = EED68E7F2BDD6FFD00774A4B /* OpenFromCenterPresentAnimator.swift */; };
		EED68E822BDD782600774A4B /* TermsAndCondition.swift in Sources */ = {isa = PBXBuildFile; fileRef = EED68E812BDD782600774A4B /* TermsAndCondition.swift */; };
		EEDCE16B2BE3932C003C0A24 /* ShopfeePinTextField.swift in Sources */ = {isa = PBXBuildFile; fileRef = EEDCE16A2BE3932C003C0A24 /* ShopfeePinTextField.swift */; };
		EEDCE1722BE3AAC4003C0A24 /* EnterPinViewModel.swift in Sources */ = {isa = PBXBuildFile; fileRef = EEDCE1712BE3AAC4003C0A24 /* EnterPinViewModel.swift */; };
		EEDCE1742BE3AAE0003C0A24 /* EnterPinCoordinator.swift in Sources */ = {isa = PBXBuildFile; fileRef = EEDCE1732BE3AAE0003C0A24 /* EnterPinCoordinator.swift */; };
		EEDCE1772BE3AB08003C0A24 /* EnterPinUseCase.swift in Sources */ = {isa = PBXBuildFile; fileRef = EEDCE1762BE3AB08003C0A24 /* EnterPinUseCase.swift */; };
		EEE62DA72BE3868E00937ECA /* PinView.swift in Sources */ = {isa = PBXBuildFile; fileRef = EEE62DA32BE3868E00937ECA /* PinView.swift */; };
		EEE62DA82BE3868E00937ECA /* PinViewController.swift in Sources */ = {isa = PBXBuildFile; fileRef = EEE62DA42BE3868E00937ECA /* PinViewController.swift */; };
		EEE62DA92BE3868E00937ECA /* CreatePinViewModel.swift in Sources */ = {isa = PBXBuildFile; fileRef = EEE62DA52BE3868E00937ECA /* CreatePinViewModel.swift */; };
		EEE62DAA2BE3868E00937ECA /* CreatePinCoordinator.swift in Sources */ = {isa = PBXBuildFile; fileRef = EEE62DA62BE3868E00937ECA /* CreatePinCoordinator.swift */; };
		EEE62DAD2BE3869700937ECA /* CreatePinUseCase.swift in Sources */ = {isa = PBXBuildFile; fileRef = EEE62DAC2BE3869700937ECA /* CreatePinUseCase.swift */; };
		EEE62DC72BE389D900937ECA /* ProcessAccountViewModel.swift in Sources */ = {isa = PBXBuildFile; fileRef = EEE62DC32BE389D900937ECA /* ProcessAccountViewModel.swift */; };
		EEE62DC82BE389D900937ECA /* ProcessAccountCoordinator.swift in Sources */ = {isa = PBXBuildFile; fileRef = EEE62DC42BE389D900937ECA /* ProcessAccountCoordinator.swift */; };
		EEE62DC92BE389D900937ECA /* ProcessAccountView.swift in Sources */ = {isa = PBXBuildFile; fileRef = EEE62DC52BE389D900937ECA /* ProcessAccountView.swift */; };
		EEE62DCA2BE389D900937ECA /* ProcessAccountViewController.swift in Sources */ = {isa = PBXBuildFile; fileRef = EEE62DC62BE389D900937ECA /* ProcessAccountViewController.swift */; };
		EEE62DCC2BE389DE00937ECA /* ProcessAccountUseCase.swift in Sources */ = {isa = PBXBuildFile; fileRef = EEE62DCB2BE389DE00937ECA /* ProcessAccountUseCase.swift */; };
		EEE8D4D02BDBCF780037F668 /* Colors.xcassets in Resources */ = {isa = PBXBuildFile; fileRef = EEE8D4CF2BDBCF780037F668 /* Colors.xcassets */; };
		EEE8D4DB2BDBD4FA0037F668 /* String+localized.swift in Sources */ = {isa = PBXBuildFile; fileRef = EEE8D4DA2BDBD4FA0037F668 /* String+localized.swift */; };
		EEE8D4E02BDBD8750037F668 /* Coordinator.swift in Sources */ = {isa = PBXBuildFile; fileRef = EEE8D4DE2BDBD8750037F668 /* Coordinator.swift */; };
		EEE8D4E12BDBD8750037F668 /* ShopfeeCoordinator.swift in Sources */ = {isa = PBXBuildFile; fileRef = EEE8D4DF2BDBD8750037F668 /* ShopfeeCoordinator.swift */; };
		EEE8D4E42BDBD87D0037F668 /* ShopfeeRouter.swift in Sources */ = {isa = PBXBuildFile; fileRef = EEE8D4E22BDBD87D0037F668 /* ShopfeeRouter.swift */; };
		EEE8D4E52BDBD87D0037F668 /* Router.swift in Sources */ = {isa = PBXBuildFile; fileRef = EEE8D4E32BDBD87D0037F668 /* Router.swift */; };
		EEE8D4E82BDBD9620037F668 /* Action.swift in Sources */ = {isa = PBXBuildFile; fileRef = EEE8D4E72BDBD9620037F668 /* Action.swift */; };
		EEE8D5042BDBF0780037F668 /* Poppins-Medium.ttf in Resources */ = {isa = PBXBuildFile; fileRef = EEE8D4F12BDBF0770037F668 /* Poppins-Medium.ttf */; };
		EEE8D5072BDBF0780037F668 /* Poppins-Regular.ttf in Resources */ = {isa = PBXBuildFile; fileRef = EEE8D4F42BDBF0770037F668 /* Poppins-Regular.ttf */; };
		EEE8D50D2BDBF0780037F668 /* Poppins-Bold.ttf in Resources */ = {isa = PBXBuildFile; fileRef = EEE8D4FA2BDBF0770037F668 /* Poppins-Bold.ttf */; };
		EEE8D5162BDBF0D70037F668 /* Font+Style.swift in Sources */ = {isa = PBXBuildFile; fileRef = EEE8D5142BDBF0D70037F668 /* Font+Style.swift */; };
		EEE8D5172BDBF0D70037F668 /* UIFont+Style.swift in Sources */ = {isa = PBXBuildFile; fileRef = EEE8D5152BDBF0D70037F668 /* UIFont+Style.swift */; };
		EEE8D51D2BDBFB5C0037F668 /* OnboardingView.swift in Sources */ = {isa = PBXBuildFile; fileRef = EEE8D51B2BDBFB5C0037F668 /* OnboardingView.swift */; };
		EEE8D51E2BDBFB5C0037F668 /* OnboardingViewModel.swift in Sources */ = {isa = PBXBuildFile; fileRef = EEE8D51C2BDBFB5C0037F668 /* OnboardingViewModel.swift */; };
		EEE8D5222BDBFBEE0037F668 /* OnboardingViewController.swift in Sources */ = {isa = PBXBuildFile; fileRef = EEE8D5212BDBFBEE0037F668 /* OnboardingViewController.swift */; };
		EEE8D5242BDBFCAA0037F668 /* OnboardingCoordinator.swift in Sources */ = {isa = PBXBuildFile; fileRef = EEE8D5232BDBFCAA0037F668 /* OnboardingCoordinator.swift */; };
		EEE8D5262BDBFDF20037F668 /* OnboardingUseCase.swift in Sources */ = {isa = PBXBuildFile; fileRef = EEE8D5252BDBFDF20037F668 /* OnboardingUseCase.swift */; };
		EEE8D52B2BDC03700037F668 /* PrimaryButton.swift in Sources */ = {isa = PBXBuildFile; fileRef = EEE8D52A2BDC03700037F668 /* PrimaryButton.swift */; };
		EEE8D52F2BDC0D900037F668 /* SplashView.swift in Sources */ = {isa = PBXBuildFile; fileRef = EEE8D52E2BDC0D900037F668 /* SplashView.swift */; };
		EEE8D5312BDC0D9E0037F668 /* SplashViewController.swift in Sources */ = {isa = PBXBuildFile; fileRef = EEE8D5302BDC0D9E0037F668 /* SplashViewController.swift */; };
		EEE8D5342BDC14DD0037F668 /* ShopFeeText.swift in Sources */ = {isa = PBXBuildFile; fileRef = EEE8D5332BDC14DD0037F668 /* ShopFeeText.swift */; };
		EEE8D5362BDC16370037F668 /* ShopfeeLogo.swift in Sources */ = {isa = PBXBuildFile; fileRef = EEE8D5352BDC16370037F668 /* ShopfeeLogo.swift */; };
		EEE8D5392BDC16940037F668 /* SplashCoordinator.swift in Sources */ = {isa = PBXBuildFile; fileRef = EEE8D5382BDC16940037F668 /* SplashCoordinator.swift */; };
		EEE8D53C2BDC1A2A0037F668 /* View+PrimaryStyle.swift in Sources */ = {isa = PBXBuildFile; fileRef = EEE8D53B2BDC1A2A0037F668 /* View+PrimaryStyle.swift */; };
		EEE8D53F2BDC36270037F668 /* SwiftUIModifiers in Frameworks */ = {isa = PBXBuildFile; productRef = EEE8D53E2BDC36270037F668 /* SwiftUIModifiers */; };
		EEE8D5422BDC37090037F668 /* CGFloat+Constants.swift in Sources */ = {isa = PBXBuildFile; fileRef = EEE8D5412BDC37090037F668 /* CGFloat+Constants.swift */; };
		EEE8D5492BDC3A880037F668 /* CapsulePaginationStyle.swift in Sources */ = {isa = PBXBuildFile; fileRef = EEE8D5432BDC3A870037F668 /* CapsulePaginationStyle.swift */; };
		EEE8D54A2BDC3A880037F668 /* CirclePaginationStyle.swift in Sources */ = {isa = PBXBuildFile; fileRef = EEE8D5442BDC3A870037F668 /* CirclePaginationStyle.swift */; };
		EEE8D54B2BDC3A880037F668 /* PaginationStyle.swift in Sources */ = {isa = PBXBuildFile; fileRef = EEE8D5462BDC3A870037F668 /* PaginationStyle.swift */; };
		EEE8D54C2BDC3A880037F668 /* PaginationView.swift in Sources */ = {isa = PBXBuildFile; fileRef = EEE8D5472BDC3A870037F668 /* PaginationView.swift */; };
		EEE8D54F2BDC445B0037F668 /* OnboardingTabViewModel.swift in Sources */ = {isa = PBXBuildFile; fileRef = EEE8D54E2BDC445B0037F668 /* OnboardingTabViewModel.swift */; };
/* End PBXBuildFile section */

/* Begin PBXContainerItemProxy section */
		EE2DDD7A2BDBCB7E00361413 /* PBXContainerItemProxy */ = {
			isa = PBXContainerItemProxy;
			containerPortal = EE2DDD5B2BDBCB7B00361413 /* Project object */;
			proxyType = 1;
			remoteGlobalIDString = EE2DDD622BDBCB7B00361413;
			remoteInfo = Shopfee;
		};
		EE2DDD842BDBCB7E00361413 /* PBXContainerItemProxy */ = {
			isa = PBXContainerItemProxy;
			containerPortal = EE2DDD5B2BDBCB7B00361413 /* Project object */;
			proxyType = 1;
			remoteGlobalIDString = EE2DDD622BDBCB7B00361413;
			remoteInfo = Shopfee;
		};
/* End PBXContainerItemProxy section */

/* Begin PBXFileReference section */
		EE0D8C592BE23BAE00C4E47A /* OTPPopUpItem.swift */ = {isa = PBXFileReference; lastKnownFileType = sourcecode.swift; path = OTPPopUpItem.swift; sourceTree = "<group>"; };
		EE2DDD632BDBCB7B00361413 /* Shopfee.app */ = {isa = PBXFileReference; explicitFileType = wrapper.application; includeInIndex = 0; path = Shopfee.app; sourceTree = BUILT_PRODUCTS_DIR; };
		EE2DDD662BDBCB7B00361413 /* AppDelegate.swift */ = {isa = PBXFileReference; lastKnownFileType = sourcecode.swift; path = AppDelegate.swift; sourceTree = "<group>"; };
		EE2DDD682BDBCB7B00361413 /* SceneDelegate.swift */ = {isa = PBXFileReference; lastKnownFileType = sourcecode.swift; path = SceneDelegate.swift; sourceTree = "<group>"; };
		EE2DDD6F2BDBCB7D00361413 /* Assets.xcassets */ = {isa = PBXFileReference; lastKnownFileType = folder.assetcatalog; path = Assets.xcassets; sourceTree = "<group>"; };
		EE2DDD722BDBCB7D00361413 /* Base */ = {isa = PBXFileReference; lastKnownFileType = file.storyboard; name = Base; path = Base.lproj/LaunchScreen.storyboard; sourceTree = "<group>"; };
		EE2DDD742BDBCB7D00361413 /* Info.plist */ = {isa = PBXFileReference; lastKnownFileType = text.plist.xml; path = Info.plist; sourceTree = "<group>"; };
		EE2DDD792BDBCB7E00361413 /* ShopfeeTests.xctest */ = {isa = PBXFileReference; explicitFileType = wrapper.cfbundle; includeInIndex = 0; path = ShopfeeTests.xctest; sourceTree = BUILT_PRODUCTS_DIR; };
		EE2DDD7D2BDBCB7E00361413 /* ShopfeeTests.swift */ = {isa = PBXFileReference; lastKnownFileType = sourcecode.swift; path = ShopfeeTests.swift; sourceTree = "<group>"; };
		EE2DDD832BDBCB7E00361413 /* ShopfeeUITests.xctest */ = {isa = PBXFileReference; explicitFileType = wrapper.cfbundle; includeInIndex = 0; path = ShopfeeUITests.xctest; sourceTree = BUILT_PRODUCTS_DIR; };
		EE2DDD872BDBCB7E00361413 /* ShopfeeUITests.swift */ = {isa = PBXFileReference; lastKnownFileType = sourcecode.swift; path = ShopfeeUITests.swift; sourceTree = "<group>"; };
		EE2DDD892BDBCB7E00361413 /* ShopfeeUITestsLaunchTests.swift */ = {isa = PBXFileReference; lastKnownFileType = sourcecode.swift; path = ShopfeeUITestsLaunchTests.swift; sourceTree = "<group>"; };
		EE2DDD972BDBCD7700361413 /* .swiftlint.yml */ = {isa = PBXFileReference; fileEncoding = 4; lastKnownFileType = text.yaml; path = .swiftlint.yml; sourceTree = "<group>"; };
		EE2DDD9E2BDBCE7600361413 /* Shopfee.xcstrings */ = {isa = PBXFileReference; lastKnownFileType = text.json.xcstrings; path = Shopfee.xcstrings; sourceTree = "<group>"; };
		EE6B4F822BDE552300E173BC /* ShopfeeTextField.swift */ = {isa = PBXFileReference; lastKnownFileType = sourcecode.swift; path = ShopfeeTextField.swift; sourceTree = "<group>"; };
		EE6EF9FC2BDFF4CF00E5C2E3 /* LoginView.swift */ = {isa = PBXFileReference; lastKnownFileType = sourcecode.swift; path = LoginView.swift; sourceTree = "<group>"; };
		EE6EF9FD2BDFF4CF00E5C2E3 /* LoginViewModel.swift */ = {isa = PBXFileReference; lastKnownFileType = sourcecode.swift; path = LoginViewModel.swift; sourceTree = "<group>"; };
		EE6EFA002BDFF5B300E5C2E3 /* LoginViewController.swift */ = {isa = PBXFileReference; lastKnownFileType = sourcecode.swift; path = LoginViewController.swift; sourceTree = "<group>"; };
		EE6EFA022BDFF64500E5C2E3 /* LoginCoordinator.swift */ = {isa = PBXFileReference; lastKnownFileType = sourcecode.swift; path = LoginCoordinator.swift; sourceTree = "<group>"; };
		EE6EFA042BDFF6F400E5C2E3 /* LoginUseCase.swift */ = {isa = PBXFileReference; lastKnownFileType = sourcecode.swift; path = LoginUseCase.swift; sourceTree = "<group>"; };
		EE6EFA092BE0089B00E5C2E3 /* OTPView.swift */ = {isa = PBXFileReference; lastKnownFileType = sourcecode.swift; path = OTPView.swift; sourceTree = "<group>"; };
		EE6EFA0A2BE0089B00E5C2E3 /* OTPViewModel.swift */ = {isa = PBXFileReference; lastKnownFileType = sourcecode.swift; path = OTPViewModel.swift; sourceTree = "<group>"; };
		EE6EFA0D2BE008A900E5C2E3 /* OTPViewController.swift */ = {isa = PBXFileReference; lastKnownFileType = sourcecode.swift; path = OTPViewController.swift; sourceTree = "<group>"; };
		EE6EFA0F2BE008B600E5C2E3 /* OTPCoordinator.swift */ = {isa = PBXFileReference; lastKnownFileType = sourcecode.swift; path = OTPCoordinator.swift; sourceTree = "<group>"; };
		EE6EFA112BE00A7E00E5C2E3 /* OTPUseCase.swift */ = {isa = PBXFileReference; lastKnownFileType = sourcecode.swift; path = OTPUseCase.swift; sourceTree = "<group>"; };
		EE6EFA132BE0189D00E5C2E3 /* View+navigationTitle.swift */ = {isa = PBXFileReference; lastKnownFileType = sourcecode.swift; path = "View+navigationTitle.swift"; sourceTree = "<group>"; };
		EE7939082BE26E79004FF13C /* ShopfeeLoadingView.swift */ = {isa = PBXFileReference; lastKnownFileType = sourcecode.swift; path = ShopfeeLoadingView.swift; sourceTree = "<group>"; };
		EE79390A2BE27083004FF13C /* loading.gif */ = {isa = PBXFileReference; lastKnownFileType = image.gif; path = loading.gif; sourceTree = "<group>"; };
		EE79390C2BE272E2004FF13C /* SendOTPView.swift */ = {isa = PBXFileReference; lastKnownFileType = sourcecode.swift; path = SendOTPView.swift; sourceTree = "<group>"; };
		EE79390D2BE272E2004FF13C /* SendOTPViewModel.swift */ = {isa = PBXFileReference; lastKnownFileType = sourcecode.swift; path = SendOTPViewModel.swift; sourceTree = "<group>"; };
		EE7939102BE27431004FF13C /* SendOTPViewController.swift */ = {isa = PBXFileReference; lastKnownFileType = sourcecode.swift; path = SendOTPViewController.swift; sourceTree = "<group>"; };
		EE7939122BE274F5004FF13C /* SendOTPCoordinator.swift */ = {isa = PBXFileReference; lastKnownFileType = sourcecode.swift; path = SendOTPCoordinator.swift; sourceTree = "<group>"; };
		EE7939142BE2753C004FF13C /* SendOTPUseCase.swift */ = {isa = PBXFileReference; lastKnownFileType = sourcecode.swift; path = SendOTPUseCase.swift; sourceTree = "<group>"; };
		EE80C4E12BE245040001A599 /* PopUpTransitioningDelegate.swift */ = {isa = PBXFileReference; lastKnownFileType = sourcecode.swift; path = PopUpTransitioningDelegate.swift; sourceTree = "<group>"; };
		EE80C4E32BE25B440001A599 /* GifView.swift */ = {isa = PBXFileReference; lastKnownFileType = sourcecode.swift; path = GifView.swift; sourceTree = "<group>"; };
		EEB7B54C2BE1173D00AF684F /* OTPTextField.swift */ = {isa = PBXFileReference; lastKnownFileType = sourcecode.swift; path = OTPTextField.swift; sourceTree = "<group>"; };
		EED29DF52BE1615A00548AFE /* ShopfeeOTPTextField.swift */ = {isa = PBXFileReference; lastKnownFileType = sourcecode.swift; path = ShopfeeOTPTextField.swift; sourceTree = "<group>"; };
		EED29DF82BE16DBA00548AFE /* PopUpView.swift */ = {isa = PBXFileReference; lastKnownFileType = sourcecode.swift; path = PopUpView.swift; sourceTree = "<group>"; };
		EED29DFA2BE1714100548AFE /* PopUpViewController.swift */ = {isa = PBXFileReference; lastKnownFileType = sourcecode.swift; path = PopUpViewController.swift; sourceTree = "<group>"; };
		EED68E6B2BDD40BB00774A4B /* RegisterView.swift */ = {isa = PBXFileReference; lastKnownFileType = sourcecode.swift; path = RegisterView.swift; sourceTree = "<group>"; };
		EED68E6C2BDD40BB00774A4B /* RegisterViewModel.swift */ = {isa = PBXFileReference; lastKnownFileType = sourcecode.swift; path = RegisterViewModel.swift; sourceTree = "<group>"; };
		EED68E6F2BDD40C500774A4B /* RegisterViewController.swift */ = {isa = PBXFileReference; lastKnownFileType = sourcecode.swift; path = RegisterViewController.swift; sourceTree = "<group>"; };
		EED68E712BDD40CD00774A4B /* RegisterCoordinator.swift */ = {isa = PBXFileReference; lastKnownFileType = sourcecode.swift; path = RegisterCoordinator.swift; sourceTree = "<group>"; };
		EED68E732BDD41E800774A4B /* RegisterUseCase.swift */ = {isa = PBXFileReference; lastKnownFileType = sourcecode.swift; path = RegisterUseCase.swift; sourceTree = "<group>"; };
		EED68E7F2BDD6FFD00774A4B /* OpenFromCenterPresentAnimator.swift */ = {isa = PBXFileReference; lastKnownFileType = sourcecode.swift; path = OpenFromCenterPresentAnimator.swift; sourceTree = "<group>"; };
		EED68E812BDD782600774A4B /* TermsAndCondition.swift */ = {isa = PBXFileReference; lastKnownFileType = sourcecode.swift; path = TermsAndCondition.swift; sourceTree = "<group>"; };
		EEDCE16A2BE3932C003C0A24 /* ShopfeePinTextField.swift */ = {isa = PBXFileReference; lastKnownFileType = sourcecode.swift; path = ShopfeePinTextField.swift; sourceTree = "<group>"; };
		EEDCE1712BE3AAC4003C0A24 /* EnterPinViewModel.swift */ = {isa = PBXFileReference; lastKnownFileType = sourcecode.swift; path = EnterPinViewModel.swift; sourceTree = "<group>"; };
		EEDCE1732BE3AAE0003C0A24 /* EnterPinCoordinator.swift */ = {isa = PBXFileReference; lastKnownFileType = sourcecode.swift; path = EnterPinCoordinator.swift; sourceTree = "<group>"; };
		EEDCE1762BE3AB08003C0A24 /* EnterPinUseCase.swift */ = {isa = PBXFileReference; lastKnownFileType = sourcecode.swift; path = EnterPinUseCase.swift; sourceTree = "<group>"; };
		EEE62DA32BE3868E00937ECA /* PinView.swift */ = {isa = PBXFileReference; fileEncoding = 4; lastKnownFileType = sourcecode.swift; path = PinView.swift; sourceTree = "<group>"; };
		EEE62DA42BE3868E00937ECA /* PinViewController.swift */ = {isa = PBXFileReference; fileEncoding = 4; lastKnownFileType = sourcecode.swift; path = PinViewController.swift; sourceTree = "<group>"; };
		EEE62DA52BE3868E00937ECA /* CreatePinViewModel.swift */ = {isa = PBXFileReference; fileEncoding = 4; lastKnownFileType = sourcecode.swift; path = CreatePinViewModel.swift; sourceTree = "<group>"; };
		EEE62DA62BE3868E00937ECA /* CreatePinCoordinator.swift */ = {isa = PBXFileReference; fileEncoding = 4; lastKnownFileType = sourcecode.swift; path = CreatePinCoordinator.swift; sourceTree = "<group>"; };
		EEE62DAC2BE3869700937ECA /* CreatePinUseCase.swift */ = {isa = PBXFileReference; fileEncoding = 4; lastKnownFileType = sourcecode.swift; path = CreatePinUseCase.swift; sourceTree = "<group>"; };
		EEE62DC32BE389D900937ECA /* ProcessAccountViewModel.swift */ = {isa = PBXFileReference; fileEncoding = 4; lastKnownFileType = sourcecode.swift; path = ProcessAccountViewModel.swift; sourceTree = "<group>"; };
		EEE62DC42BE389D900937ECA /* ProcessAccountCoordinator.swift */ = {isa = PBXFileReference; fileEncoding = 4; lastKnownFileType = sourcecode.swift; path = ProcessAccountCoordinator.swift; sourceTree = "<group>"; };
		EEE62DC52BE389D900937ECA /* ProcessAccountView.swift */ = {isa = PBXFileReference; fileEncoding = 4; lastKnownFileType = sourcecode.swift; path = ProcessAccountView.swift; sourceTree = "<group>"; };
		EEE62DC62BE389D900937ECA /* ProcessAccountViewController.swift */ = {isa = PBXFileReference; fileEncoding = 4; lastKnownFileType = sourcecode.swift; path = ProcessAccountViewController.swift; sourceTree = "<group>"; };
		EEE62DCB2BE389DE00937ECA /* ProcessAccountUseCase.swift */ = {isa = PBXFileReference; fileEncoding = 4; lastKnownFileType = sourcecode.swift; path = ProcessAccountUseCase.swift; sourceTree = "<group>"; };
		EEE8D4CF2BDBCF780037F668 /* Colors.xcassets */ = {isa = PBXFileReference; lastKnownFileType = folder.assetcatalog; path = Colors.xcassets; sourceTree = "<group>"; };
		EEE8D4DA2BDBD4FA0037F668 /* String+localized.swift */ = {isa = PBXFileReference; lastKnownFileType = sourcecode.swift; path = "String+localized.swift"; sourceTree = "<group>"; };
		EEE8D4DE2BDBD8750037F668 /* Coordinator.swift */ = {isa = PBXFileReference; fileEncoding = 4; lastKnownFileType = sourcecode.swift; path = Coordinator.swift; sourceTree = "<group>"; };
		EEE8D4DF2BDBD8750037F668 /* ShopfeeCoordinator.swift */ = {isa = PBXFileReference; fileEncoding = 4; lastKnownFileType = sourcecode.swift; path = ShopfeeCoordinator.swift; sourceTree = "<group>"; };
		EEE8D4E22BDBD87D0037F668 /* ShopfeeRouter.swift */ = {isa = PBXFileReference; fileEncoding = 4; lastKnownFileType = sourcecode.swift; path = ShopfeeRouter.swift; sourceTree = "<group>"; };
		EEE8D4E32BDBD87D0037F668 /* Router.swift */ = {isa = PBXFileReference; fileEncoding = 4; lastKnownFileType = sourcecode.swift; path = Router.swift; sourceTree = "<group>"; };
		EEE8D4E72BDBD9620037F668 /* Action.swift */ = {isa = PBXFileReference; lastKnownFileType = sourcecode.swift; path = Action.swift; sourceTree = "<group>"; };
		EEE8D4F12BDBF0770037F668 /* Poppins-Medium.ttf */ = {isa = PBXFileReference; lastKnownFileType = file; path = "Poppins-Medium.ttf"; sourceTree = "<group>"; };
		EEE8D4F42BDBF0770037F668 /* Poppins-Regular.ttf */ = {isa = PBXFileReference; lastKnownFileType = file; path = "Poppins-Regular.ttf"; sourceTree = "<group>"; };
		EEE8D4FA2BDBF0770037F668 /* Poppins-Bold.ttf */ = {isa = PBXFileReference; lastKnownFileType = file; path = "Poppins-Bold.ttf"; sourceTree = "<group>"; };
		EEE8D5142BDBF0D70037F668 /* Font+Style.swift */ = {isa = PBXFileReference; fileEncoding = 4; lastKnownFileType = sourcecode.swift; path = "Font+Style.swift"; sourceTree = "<group>"; };
		EEE8D5152BDBF0D70037F668 /* UIFont+Style.swift */ = {isa = PBXFileReference; fileEncoding = 4; lastKnownFileType = sourcecode.swift; path = "UIFont+Style.swift"; sourceTree = "<group>"; };
		EEE8D51B2BDBFB5C0037F668 /* OnboardingView.swift */ = {isa = PBXFileReference; lastKnownFileType = sourcecode.swift; path = OnboardingView.swift; sourceTree = "<group>"; };
		EEE8D51C2BDBFB5C0037F668 /* OnboardingViewModel.swift */ = {isa = PBXFileReference; lastKnownFileType = sourcecode.swift; path = OnboardingViewModel.swift; sourceTree = "<group>"; };
		EEE8D5212BDBFBEE0037F668 /* OnboardingViewController.swift */ = {isa = PBXFileReference; lastKnownFileType = sourcecode.swift; path = OnboardingViewController.swift; sourceTree = "<group>"; };
		EEE8D5232BDBFCAA0037F668 /* OnboardingCoordinator.swift */ = {isa = PBXFileReference; lastKnownFileType = sourcecode.swift; path = OnboardingCoordinator.swift; sourceTree = "<group>"; };
		EEE8D5252BDBFDF20037F668 /* OnboardingUseCase.swift */ = {isa = PBXFileReference; lastKnownFileType = sourcecode.swift; path = OnboardingUseCase.swift; sourceTree = "<group>"; };
		EEE8D52A2BDC03700037F668 /* PrimaryButton.swift */ = {isa = PBXFileReference; lastKnownFileType = sourcecode.swift; path = PrimaryButton.swift; sourceTree = "<group>"; };
		EEE8D52E2BDC0D900037F668 /* SplashView.swift */ = {isa = PBXFileReference; lastKnownFileType = sourcecode.swift; path = SplashView.swift; sourceTree = "<group>"; };
		EEE8D5302BDC0D9E0037F668 /* SplashViewController.swift */ = {isa = PBXFileReference; lastKnownFileType = sourcecode.swift; path = SplashViewController.swift; sourceTree = "<group>"; };
		EEE8D5332BDC14DD0037F668 /* ShopFeeText.swift */ = {isa = PBXFileReference; lastKnownFileType = sourcecode.swift; path = ShopFeeText.swift; sourceTree = "<group>"; };
		EEE8D5352BDC16370037F668 /* ShopfeeLogo.swift */ = {isa = PBXFileReference; lastKnownFileType = sourcecode.swift; path = ShopfeeLogo.swift; sourceTree = "<group>"; };
		EEE8D5382BDC16940037F668 /* SplashCoordinator.swift */ = {isa = PBXFileReference; lastKnownFileType = sourcecode.swift; path = SplashCoordinator.swift; sourceTree = "<group>"; };
		EEE8D53B2BDC1A2A0037F668 /* View+PrimaryStyle.swift */ = {isa = PBXFileReference; lastKnownFileType = sourcecode.swift; path = "View+PrimaryStyle.swift"; sourceTree = "<group>"; };
		EEE8D5412BDC37090037F668 /* CGFloat+Constants.swift */ = {isa = PBXFileReference; lastKnownFileType = sourcecode.swift; path = "CGFloat+Constants.swift"; sourceTree = "<group>"; };
		EEE8D5432BDC3A870037F668 /* CapsulePaginationStyle.swift */ = {isa = PBXFileReference; fileEncoding = 4; lastKnownFileType = sourcecode.swift; path = CapsulePaginationStyle.swift; sourceTree = "<group>"; };
		EEE8D5442BDC3A870037F668 /* CirclePaginationStyle.swift */ = {isa = PBXFileReference; fileEncoding = 4; lastKnownFileType = sourcecode.swift; path = CirclePaginationStyle.swift; sourceTree = "<group>"; };
		EEE8D5462BDC3A870037F668 /* PaginationStyle.swift */ = {isa = PBXFileReference; fileEncoding = 4; lastKnownFileType = sourcecode.swift; path = PaginationStyle.swift; sourceTree = "<group>"; };
		EEE8D5472BDC3A870037F668 /* PaginationView.swift */ = {isa = PBXFileReference; fileEncoding = 4; lastKnownFileType = sourcecode.swift; path = PaginationView.swift; sourceTree = "<group>"; };
		EEE8D54E2BDC445B0037F668 /* OnboardingTabViewModel.swift */ = {isa = PBXFileReference; lastKnownFileType = sourcecode.swift; path = OnboardingTabViewModel.swift; sourceTree = "<group>"; };
/* End PBXFileReference section */

/* Begin PBXFrameworksBuildPhase section */
		EE2DDD602BDBCB7B00361413 /* Frameworks */ = {
			isa = PBXFrameworksBuildPhase;
			buildActionMask = 2147483647;
			files = (
				EEE8D53F2BDC36270037F668 /* SwiftUIModifiers in Frameworks */,
				EED68E672BDD2EA800774A4B /* FoundationExtensions in Frameworks */,
				EED68E7E2BDD52FA00774A4B /* MakeConstraints in Frameworks */,
			);
			runOnlyForDeploymentPostprocessing = 0;
		};
		EE2DDD762BDBCB7E00361413 /* Frameworks */ = {
			isa = PBXFrameworksBuildPhase;
			buildActionMask = 2147483647;
			files = (
			);
			runOnlyForDeploymentPostprocessing = 0;
		};
		EE2DDD802BDBCB7E00361413 /* Frameworks */ = {
			isa = PBXFrameworksBuildPhase;
			buildActionMask = 2147483647;
			files = (
			);
			runOnlyForDeploymentPostprocessing = 0;
		};
/* End PBXFrameworksBuildPhase section */

/* Begin PBXGroup section */
		EE1F6F512BE37DDF006D1C23 /* Pin */ = {
			isa = PBXGroup;
			children = (
				EEDCE16A2BE3932C003C0A24 /* ShopfeePinTextField.swift */,
				EEE62DA32BE3868E00937ECA /* PinView.swift */,
				EEE62DA42BE3868E00937ECA /* PinViewController.swift */,
			);
			path = Pin;
			sourceTree = "<group>";
		};
		EE2DDD5A2BDBCB7B00361413 = {
			isa = PBXGroup;
			children = (
				EE2DDD972BDBCD7700361413 /* .swiftlint.yml */,
				EE2DDD652BDBCB7B00361413 /* Shopfee */,
				EEE8D4D72BDBD4B60037F668 /* Utilities */,
				EE2DDD9C2BDBCE2800361413 /* Resources */,
				EE2DDD7C2BDBCB7E00361413 /* ShopfeeTests */,
				EE2DDD862BDBCB7E00361413 /* ShopfeeUITests */,
				EE2DDD642BDBCB7B00361413 /* Products */,
			);
			sourceTree = "<group>";
		};
		EE2DDD642BDBCB7B00361413 /* Products */ = {
			isa = PBXGroup;
			children = (
				EE2DDD632BDBCB7B00361413 /* Shopfee.app */,
				EE2DDD792BDBCB7E00361413 /* ShopfeeTests.xctest */,
				EE2DDD832BDBCB7E00361413 /* ShopfeeUITests.xctest */,
			);
			name = Products;
			sourceTree = "<group>";
		};
		EE2DDD652BDBCB7B00361413 /* Shopfee */ = {
			isa = PBXGroup;
			children = (
				EEE8D5272BDBFE7C0037F668 /* Coordinator */,
				EEE8D4E92BDBE3800037F668 /* Scenes */,
				EE2DDD682BDBCB7B00361413 /* SceneDelegate.swift */,
				EE2DDD662BDBCB7B00361413 /* AppDelegate.swift */,
				EE2DDD742BDBCB7D00361413 /* Info.plist */,
			);
			path = Shopfee;
			sourceTree = "<group>";
		};
		EE2DDD7C2BDBCB7E00361413 /* ShopfeeTests */ = {
			isa = PBXGroup;
			children = (
				EE2DDD7D2BDBCB7E00361413 /* ShopfeeTests.swift */,
			);
			path = ShopfeeTests;
			sourceTree = "<group>";
		};
		EE2DDD862BDBCB7E00361413 /* ShopfeeUITests */ = {
			isa = PBXGroup;
			children = (
				EE2DDD872BDBCB7E00361413 /* ShopfeeUITests.swift */,
				EE2DDD892BDBCB7E00361413 /* ShopfeeUITestsLaunchTests.swift */,
			);
			path = ShopfeeUITests;
			sourceTree = "<group>";
		};
		EE2DDD9C2BDBCE2800361413 /* Resources */ = {
			isa = PBXGroup;
			children = (
				EEE8D4D22BDBCF830037F668 /* LaunchScreen */,
				EEE8D4D12BDBCF7F0037F668 /* Fonts */,
				EE2DDD9D2BDBCE4400361413 /* Localization */,
				EEE8D4CE2BDBCF670037F668 /* Assets */,
			);
			path = Resources;
			sourceTree = "<group>";
		};
		EE2DDD9D2BDBCE4400361413 /* Localization */ = {
			isa = PBXGroup;
			children = (
				EE2DDD9E2BDBCE7600361413 /* Shopfee.xcstrings */,
			);
			path = Localization;
			sourceTree = "<group>";
		};
		EE6B4F812BDE551300E173BC /* TextField */ = {
			isa = PBXGroup;
			children = (
				EE6B4F822BDE552300E173BC /* ShopfeeTextField.swift */,
				EEB7B54C2BE1173D00AF684F /* OTPTextField.swift */,
				EED29DF52BE1615A00548AFE /* ShopfeeOTPTextField.swift */,
			);
			path = TextField;
			sourceTree = "<group>";
		};
		EE6EF9F92BDFF49A00E5C2E3 /* Login */ = {
			isa = PBXGroup;
			children = (
				EE6EF9FB2BDFF4BF00E5C2E3 /* Domain */,
				EE6EF9FA2BDFF4B800E5C2E3 /* Presentation */,
			);
			path = Login;
			sourceTree = "<group>";
		};
		EE6EF9FA2BDFF4B800E5C2E3 /* Presentation */ = {
			isa = PBXGroup;
			children = (
				EE6EF9FC2BDFF4CF00E5C2E3 /* LoginView.swift */,
				EE6EF9FD2BDFF4CF00E5C2E3 /* LoginViewModel.swift */,
				EE6EFA002BDFF5B300E5C2E3 /* LoginViewController.swift */,
				EE6EFA022BDFF64500E5C2E3 /* LoginCoordinator.swift */,
			);
			path = Presentation;
			sourceTree = "<group>";
		};
		EE6EF9FB2BDFF4BF00E5C2E3 /* Domain */ = {
			isa = PBXGroup;
			children = (
				EE6EFA042BDFF6F400E5C2E3 /* LoginUseCase.swift */,
			);
			path = Domain;
			sourceTree = "<group>";
		};
		EE6EFA062BE0087E00E5C2E3 /* Enter OTP */ = {
			isa = PBXGroup;
			children = (
				EE6EFA082BE0089000E5C2E3 /* Domain */,
				EE6EFA072BE0088900E5C2E3 /* Presentation */,
			);
			path = "Enter OTP";
			sourceTree = "<group>";
		};
		EE6EFA072BE0088900E5C2E3 /* Presentation */ = {
			isa = PBXGroup;
			children = (
				EE6EFA092BE0089B00E5C2E3 /* OTPView.swift */,
				EE6EFA0A2BE0089B00E5C2E3 /* OTPViewModel.swift */,
				EE6EFA0D2BE008A900E5C2E3 /* OTPViewController.swift */,
				EE6EFA0F2BE008B600E5C2E3 /* OTPCoordinator.swift */,
				EE0D8C592BE23BAE00C4E47A /* OTPPopUpItem.swift */,
			);
			path = Presentation;
			sourceTree = "<group>";
		};
		EE6EFA082BE0089000E5C2E3 /* Domain */ = {
			isa = PBXGroup;
			children = (
				EE6EFA112BE00A7E00E5C2E3 /* OTPUseCase.swift */,
			);
			path = Domain;
			sourceTree = "<group>";
		};
		EE7939052BE26E19004FF13C /* Send OTP */ = {
			isa = PBXGroup;
			children = (
				EE7939072BE26E43004FF13C /* Domain */,
				EE7939062BE26E37004FF13C /* Presentation */,
			);
			path = "Send OTP";
			sourceTree = "<group>";
		};
		EE7939062BE26E37004FF13C /* Presentation */ = {
			isa = PBXGroup;
			children = (
				EE79390C2BE272E2004FF13C /* SendOTPView.swift */,
				EE79390D2BE272E2004FF13C /* SendOTPViewModel.swift */,
				EE7939102BE27431004FF13C /* SendOTPViewController.swift */,
				EE7939122BE274F5004FF13C /* SendOTPCoordinator.swift */,
			);
			path = Presentation;
			sourceTree = "<group>";
		};
		EE7939072BE26E43004FF13C /* Domain */ = {
			isa = PBXGroup;
			children = (
				EE7939142BE2753C004FF13C /* SendOTPUseCase.swift */,
			);
			path = Domain;
			sourceTree = "<group>";
		};
		EED29DF72BE16D7900548AFE /* PopUp */ = {
			isa = PBXGroup;
			children = (
				EED29DF82BE16DBA00548AFE /* PopUpView.swift */,
				EED29DFA2BE1714100548AFE /* PopUpViewController.swift */,
				EE80C4E12BE245040001A599 /* PopUpTransitioningDelegate.swift */,
			);
			path = PopUp;
			sourceTree = "<group>";
		};
		EED68E682BDD407C00774A4B /* Register */ = {
			isa = PBXGroup;
			children = (
				EED68E6A2BDD408C00774A4B /* Domain */,
				EED68E692BDD408700774A4B /* Presentation */,
			);
			path = Register;
			sourceTree = "<group>";
		};
		EED68E692BDD408700774A4B /* Presentation */ = {
			isa = PBXGroup;
			children = (
				EED68E6B2BDD40BB00774A4B /* RegisterView.swift */,
				EED68E6C2BDD40BB00774A4B /* RegisterViewModel.swift */,
				EED68E6F2BDD40C500774A4B /* RegisterViewController.swift */,
				EED68E712BDD40CD00774A4B /* RegisterCoordinator.swift */,
			);
			path = Presentation;
			sourceTree = "<group>";
		};
		EED68E6A2BDD408C00774A4B /* Domain */ = {
			isa = PBXGroup;
			children = (
				EED68E732BDD41E800774A4B /* RegisterUseCase.swift */,
			);
			path = Domain;
			sourceTree = "<group>";
		};
		EEDCE16C2BE3A5EC003C0A24 /* CreatePin */ = {
			isa = PBXGroup;
			children = (
				EEE62DAB2BE3869000937ECA /* Domain */,
				EEDCE16D2BE3A603003C0A24 /* Presentation */,
			);
			path = CreatePin;
			sourceTree = "<group>";
		};
		EEDCE16D2BE3A603003C0A24 /* Presentation */ = {
			isa = PBXGroup;
			children = (
				EEE62DA52BE3868E00937ECA /* CreatePinViewModel.swift */,
				EEE62DA62BE3868E00937ECA /* CreatePinCoordinator.swift */,
			);
			path = Presentation;
			sourceTree = "<group>";
		};
		EEDCE16F2BE3AA96003C0A24 /* EnterPin */ = {
			isa = PBXGroup;
			children = (
				EEDCE1752BE3AAFE003C0A24 /* Domain */,
				EEDCE1702BE3AAA6003C0A24 /* Presentation */,
			);
			path = EnterPin;
			sourceTree = "<group>";
		};
		EEDCE1702BE3AAA6003C0A24 /* Presentation */ = {
			isa = PBXGroup;
			children = (
				EEDCE1712BE3AAC4003C0A24 /* EnterPinViewModel.swift */,
				EEDCE1732BE3AAE0003C0A24 /* EnterPinCoordinator.swift */,
			);
			path = Presentation;
			sourceTree = "<group>";
		};
		EEDCE1752BE3AAFE003C0A24 /* Domain */ = {
			isa = PBXGroup;
			children = (
				EEDCE1762BE3AB08003C0A24 /* EnterPinUseCase.swift */,
			);
			path = Domain;
			sourceTree = "<group>";
		};
		EEE62DAB2BE3869000937ECA /* Domain */ = {
			isa = PBXGroup;
			children = (
				EEE62DAC2BE3869700937ECA /* CreatePinUseCase.swift */,
			);
			path = Domain;
			sourceTree = "<group>";
		};
		EEE62DAE2BE3891400937ECA /* Process Account */ = {
			isa = PBXGroup;
			children = (
				EEE62DBC2BE3893C00937ECA /* Domain */,
				EEE62DB32BE3892B00937ECA /* Presentation */,
			);
			path = "Process Account";
			sourceTree = "<group>";
		};
		EEE62DB32BE3892B00937ECA /* Presentation */ = {
			isa = PBXGroup;
			children = (
				EEE62DC52BE389D900937ECA /* ProcessAccountView.swift */,
				EEE62DC32BE389D900937ECA /* ProcessAccountViewModel.swift */,
				EEE62DC62BE389D900937ECA /* ProcessAccountViewController.swift */,
				EEE62DC42BE389D900937ECA /* ProcessAccountCoordinator.swift */,
			);
			path = Presentation;
			sourceTree = "<group>";
		};
		EEE62DBC2BE3893C00937ECA /* Domain */ = {
			isa = PBXGroup;
			children = (
				EEE62DCB2BE389DE00937ECA /* ProcessAccountUseCase.swift */,
			);
			path = Domain;
			sourceTree = "<group>";
		};
		EEE8D4CE2BDBCF670037F668 /* Assets */ = {
			isa = PBXGroup;
			children = (
				EE79390A2BE27083004FF13C /* loading.gif */,
				EE2DDD6F2BDBCB7D00361413 /* Assets.xcassets */,
				EEE8D4CF2BDBCF780037F668 /* Colors.xcassets */,
			);
			path = Assets;
			sourceTree = "<group>";
		};
		EEE8D4D12BDBCF7F0037F668 /* Fonts */ = {
			isa = PBXGroup;
			children = (
				EEE8D5142BDBF0D70037F668 /* Font+Style.swift */,
				EEE8D5152BDBF0D70037F668 /* UIFont+Style.swift */,
				EEE8D4FA2BDBF0770037F668 /* Poppins-Bold.ttf */,
				EEE8D4F12BDBF0770037F668 /* Poppins-Medium.ttf */,
				EEE8D4F42BDBF0770037F668 /* Poppins-Regular.ttf */,
			);
			path = Fonts;
			sourceTree = "<group>";
		};
		EEE8D4D22BDBCF830037F668 /* LaunchScreen */ = {
			isa = PBXGroup;
			children = (
				EE2DDD712BDBCB7D00361413 /* LaunchScreen.storyboard */,
			);
			path = LaunchScreen;
			sourceTree = "<group>";
		};
		EEE8D4D72BDBD4B60037F668 /* Utilities */ = {
			isa = PBXGroup;
			children = (
				EEE8D53A2BDC1A0F0037F668 /* Modifiers */,
				EEE8D5282BDC030B0037F668 /* CustomViews */,
				EEE8D4DC2BDBD83F0037F668 /* Coordinator */,
				EEE8D4D82BDBD4D60037F668 /* Extensionts */,
				EEE8D4E62BDBD9530037F668 /* TypeAliases */,
			);
			path = Utilities;
			sourceTree = "<group>";
		};
		EEE8D4D82BDBD4D60037F668 /* Extensionts */ = {
			isa = PBXGroup;
			children = (
				EEE8D5402BDC36FA0037F668 /* CGFloat */,
				EEE8D4D92BDBD4DC0037F668 /* String */,
			);
			path = Extensionts;
			sourceTree = "<group>";
		};
		EEE8D4D92BDBD4DC0037F668 /* String */ = {
			isa = PBXGroup;
			children = (
				EEE8D4DA2BDBD4FA0037F668 /* String+localized.swift */,
			);
			path = String;
			sourceTree = "<group>";
		};
		EEE8D4DC2BDBD83F0037F668 /* Coordinator */ = {
			isa = PBXGroup;
			children = (
				EEE8D4E32BDBD87D0037F668 /* Router.swift */,
				EEE8D4DE2BDBD8750037F668 /* Coordinator.swift */,
			);
			path = Coordinator;
			sourceTree = "<group>";
		};
		EEE8D4E62BDBD9530037F668 /* TypeAliases */ = {
			isa = PBXGroup;
			children = (
				EEE8D4E72BDBD9620037F668 /* Action.swift */,
			);
			path = TypeAliases;
			sourceTree = "<group>";
		};
		EEE8D4E92BDBE3800037F668 /* Scenes */ = {
			isa = PBXGroup;
			children = (
				EEE8D52C2BDC0D710037F668 /* Splash */,
				EEE8D5182BDBFB290037F668 /* Onboarding */,
				EED68E682BDD407C00774A4B /* Register */,
				EE6EF9F92BDFF49A00E5C2E3 /* Login */,
				EE7939052BE26E19004FF13C /* Send OTP */,
				EE6EFA062BE0087E00E5C2E3 /* Enter OTP */,
				EEE62DAE2BE3891400937ECA /* Process Account */,
				EEDCE16C2BE3A5EC003C0A24 /* CreatePin */,
				EEDCE16F2BE3AA96003C0A24 /* EnterPin */,
			);
			path = Scenes;
			sourceTree = "<group>";
		};
		EEE8D5182BDBFB290037F668 /* Onboarding */ = {
			isa = PBXGroup;
			children = (
				EEE8D51A2BDBFB470037F668 /* Domain */,
				EEE8D5192BDBFB420037F668 /* Presentation */,
			);
			path = Onboarding;
			sourceTree = "<group>";
		};
		EEE8D5192BDBFB420037F668 /* Presentation */ = {
			isa = PBXGroup;
			children = (
				EEE8D54D2BDC43CC0037F668 /* ViewModel */,
				EEE8D51B2BDBFB5C0037F668 /* OnboardingView.swift */,
				EEE8D5212BDBFBEE0037F668 /* OnboardingViewController.swift */,
				EEE8D5232BDBFCAA0037F668 /* OnboardingCoordinator.swift */,
			);
			path = Presentation;
			sourceTree = "<group>";
		};
		EEE8D51A2BDBFB470037F668 /* Domain */ = {
			isa = PBXGroup;
			children = (
				EEE8D5252BDBFDF20037F668 /* OnboardingUseCase.swift */,
			);
			path = Domain;
			sourceTree = "<group>";
		};
		EEE8D5272BDBFE7C0037F668 /* Coordinator */ = {
			isa = PBXGroup;
			children = (
				EEE8D4E22BDBD87D0037F668 /* ShopfeeRouter.swift */,
				EEE8D4DF2BDBD8750037F668 /* ShopfeeCoordinator.swift */,
				EED68E7F2BDD6FFD00774A4B /* OpenFromCenterPresentAnimator.swift */,
			);
			path = Coordinator;
			sourceTree = "<group>";
		};
		EEE8D5282BDC030B0037F668 /* CustomViews */ = {
			isa = PBXGroup;
			children = (
				EE1F6F512BE37DDF006D1C23 /* Pin */,
				EED29DF72BE16D7900548AFE /* PopUp */,
				EE6B4F812BDE551300E173BC /* TextField */,
				EEE8D5482BDC3A870037F668 /* PaginationView */,
				EEE8D5322BDC14CF0037F668 /* Text */,
				EEE8D5292BDC031B0037F668 /* Buttons */,
				EE80C4E32BE25B440001A599 /* GifView.swift */,
				EEE8D5352BDC16370037F668 /* ShopfeeLogo.swift */,
				EE7939082BE26E79004FF13C /* ShopfeeLoadingView.swift */,
			);
			path = CustomViews;
			sourceTree = "<group>";
		};
		EEE8D5292BDC031B0037F668 /* Buttons */ = {
			isa = PBXGroup;
			children = (
				EEE8D52A2BDC03700037F668 /* PrimaryButton.swift */,
			);
			path = Buttons;
			sourceTree = "<group>";
		};
		EEE8D52C2BDC0D710037F668 /* Splash */ = {
			isa = PBXGroup;
			children = (
				EEE8D52D2BDC0D770037F668 /* Presentaion */,
			);
			path = Splash;
			sourceTree = "<group>";
		};
		EEE8D52D2BDC0D770037F668 /* Presentaion */ = {
			isa = PBXGroup;
			children = (
				EEE8D52E2BDC0D900037F668 /* SplashView.swift */,
				EEE8D5302BDC0D9E0037F668 /* SplashViewController.swift */,
				EEE8D5382BDC16940037F668 /* SplashCoordinator.swift */,
			);
			path = Presentaion;
			sourceTree = "<group>";
		};
		EEE8D5322BDC14CF0037F668 /* Text */ = {
			isa = PBXGroup;
			children = (
				EEE8D5332BDC14DD0037F668 /* ShopFeeText.swift */,
				EED68E812BDD782600774A4B /* TermsAndCondition.swift */,
			);
			path = Text;
			sourceTree = "<group>";
		};
		EEE8D53A2BDC1A0F0037F668 /* Modifiers */ = {
			isa = PBXGroup;
			children = (
				EEE8D53B2BDC1A2A0037F668 /* View+PrimaryStyle.swift */,
				EE6EFA132BE0189D00E5C2E3 /* View+navigationTitle.swift */,
			);
			path = Modifiers;
			sourceTree = "<group>";
		};
		EEE8D5402BDC36FA0037F668 /* CGFloat */ = {
			isa = PBXGroup;
			children = (
				EEE8D5412BDC37090037F668 /* CGFloat+Constants.swift */,
			);
			path = CGFloat;
			sourceTree = "<group>";
		};
		EEE8D5452BDC3A870037F668 /* Pagination Styles */ = {
			isa = PBXGroup;
			children = (
				EEE8D5432BDC3A870037F668 /* CapsulePaginationStyle.swift */,
				EEE8D5442BDC3A870037F668 /* CirclePaginationStyle.swift */,
			);
			path = "Pagination Styles";
			sourceTree = "<group>";
		};
		EEE8D5482BDC3A870037F668 /* PaginationView */ = {
			isa = PBXGroup;
			children = (
				EEE8D5452BDC3A870037F668 /* Pagination Styles */,
				EEE8D5462BDC3A870037F668 /* PaginationStyle.swift */,
				EEE8D5472BDC3A870037F668 /* PaginationView.swift */,
			);
			path = PaginationView;
			sourceTree = "<group>";
		};
		EEE8D54D2BDC43CC0037F668 /* ViewModel */ = {
			isa = PBXGroup;
			children = (
				EEE8D51C2BDBFB5C0037F668 /* OnboardingViewModel.swift */,
				EEE8D54E2BDC445B0037F668 /* OnboardingTabViewModel.swift */,
			);
			path = ViewModel;
			sourceTree = "<group>";
		};
/* End PBXGroup section */

/* Begin PBXNativeTarget section */
		EE2DDD622BDBCB7B00361413 /* Shopfee */ = {
			isa = PBXNativeTarget;
			buildConfigurationList = EE2DDD8D2BDBCB7E00361413 /* Build configuration list for PBXNativeTarget "Shopfee" */;
			buildPhases = (
				EEE8D4D42BDBD0C70037F668 /* swiftlint */,
				EE2DDD5F2BDBCB7B00361413 /* Sources */,
				EE2DDD602BDBCB7B00361413 /* Frameworks */,
				EE2DDD612BDBCB7B00361413 /* Resources */,
			);
			buildRules = (
			);
			dependencies = (
			);
			name = Shopfee;
			packageProductDependencies = (
				EEE8D53E2BDC36270037F668 /* SwiftUIModifiers */,
				EED68E662BDD2EA800774A4B /* FoundationExtensions */,
				EED68E7D2BDD52FA00774A4B /* MakeConstraints */,
			);
			productName = Shopfee;
			productReference = EE2DDD632BDBCB7B00361413 /* Shopfee.app */;
			productType = "com.apple.product-type.application";
		};
		EE2DDD782BDBCB7E00361413 /* ShopfeeTests */ = {
			isa = PBXNativeTarget;
			buildConfigurationList = EE2DDD902BDBCB7E00361413 /* Build configuration list for PBXNativeTarget "ShopfeeTests" */;
			buildPhases = (
				EE2DDD752BDBCB7E00361413 /* Sources */,
				EE2DDD762BDBCB7E00361413 /* Frameworks */,
				EE2DDD772BDBCB7E00361413 /* Resources */,
			);
			buildRules = (
			);
			dependencies = (
				EE2DDD7B2BDBCB7E00361413 /* PBXTargetDependency */,
			);
			name = ShopfeeTests;
			productName = ShopfeeTests;
			productReference = EE2DDD792BDBCB7E00361413 /* ShopfeeTests.xctest */;
			productType = "com.apple.product-type.bundle.unit-test";
		};
		EE2DDD822BDBCB7E00361413 /* ShopfeeUITests */ = {
			isa = PBXNativeTarget;
			buildConfigurationList = EE2DDD932BDBCB7E00361413 /* Build configuration list for PBXNativeTarget "ShopfeeUITests" */;
			buildPhases = (
				EE2DDD7F2BDBCB7E00361413 /* Sources */,
				EE2DDD802BDBCB7E00361413 /* Frameworks */,
				EE2DDD812BDBCB7E00361413 /* Resources */,
			);
			buildRules = (
			);
			dependencies = (
				EE2DDD852BDBCB7E00361413 /* PBXTargetDependency */,
			);
			name = ShopfeeUITests;
			productName = ShopfeeUITests;
			productReference = EE2DDD832BDBCB7E00361413 /* ShopfeeUITests.xctest */;
			productType = "com.apple.product-type.bundle.ui-testing";
		};
/* End PBXNativeTarget section */

/* Begin PBXProject section */
		EE2DDD5B2BDBCB7B00361413 /* Project object */ = {
			isa = PBXProject;
			attributes = {
				BuildIndependentTargetsInParallel = 1;
				LastSwiftUpdateCheck = 1530;
				LastUpgradeCheck = 1530;
				TargetAttributes = {
					EE2DDD622BDBCB7B00361413 = {
						CreatedOnToolsVersion = 15.3;
					};
					EE2DDD782BDBCB7E00361413 = {
						CreatedOnToolsVersion = 15.3;
						TestTargetID = EE2DDD622BDBCB7B00361413;
					};
					EE2DDD822BDBCB7E00361413 = {
						CreatedOnToolsVersion = 15.3;
						TestTargetID = EE2DDD622BDBCB7B00361413;
					};
				};
			};
			buildConfigurationList = EE2DDD5E2BDBCB7B00361413 /* Build configuration list for PBXProject "Shopfee" */;
			compatibilityVersion = "Xcode 14.0";
			developmentRegion = en;
			hasScannedForEncodings = 0;
			knownRegions = (
				en,
				Base,
				ar,
			);
			mainGroup = EE2DDD5A2BDBCB7B00361413;
			packageReferences = (
				EEE8D53D2BDC36270037F668 /* XCRemoteSwiftPackageReference "SwiftUIModifiers" */,
				EED68E652BDD2EA800774A4B /* XCRemoteSwiftPackageReference "FoundationExtensions" */,
				EED68E7C2BDD52FA00774A4B /* XCRemoteSwiftPackageReference "MakeConstraints" */,
			);
			productRefGroup = EE2DDD642BDBCB7B00361413 /* Products */;
			projectDirPath = "";
			projectRoot = "";
			targets = (
				EE2DDD622BDBCB7B00361413 /* Shopfee */,
				EE2DDD782BDBCB7E00361413 /* ShopfeeTests */,
				EE2DDD822BDBCB7E00361413 /* ShopfeeUITests */,
			);
		};
/* End PBXProject section */

/* Begin PBXResourcesBuildPhase section */
		EE2DDD612BDBCB7B00361413 /* Resources */ = {
			isa = PBXResourcesBuildPhase;
			buildActionMask = 2147483647;
			files = (
				EEE8D50D2BDBF0780037F668 /* Poppins-Bold.ttf in Resources */,
				EEE8D4D02BDBCF780037F668 /* Colors.xcassets in Resources */,
				EEE8D5072BDBF0780037F668 /* Poppins-Regular.ttf in Resources */,
				EE2DDD992BDBCD7700361413 /* .swiftlint.yml in Resources */,
				EE2DDD702BDBCB7D00361413 /* Assets.xcassets in Resources */,
				EEE8D5042BDBF0780037F668 /* Poppins-Medium.ttf in Resources */,
				EE79390B2BE27083004FF13C /* loading.gif in Resources */,
				EE2DDD9F2BDBCE7600361413 /* Shopfee.xcstrings in Resources */,
				EE2DDD732BDBCB7D00361413 /* Base in Resources */,
			);
			runOnlyForDeploymentPostprocessing = 0;
		};
		EE2DDD772BDBCB7E00361413 /* Resources */ = {
			isa = PBXResourcesBuildPhase;
			buildActionMask = 2147483647;
			files = (
			);
			runOnlyForDeploymentPostprocessing = 0;
		};
		EE2DDD812BDBCB7E00361413 /* Resources */ = {
			isa = PBXResourcesBuildPhase;
			buildActionMask = 2147483647;
			files = (
			);
			runOnlyForDeploymentPostprocessing = 0;
		};
/* End PBXResourcesBuildPhase section */

/* Begin PBXShellScriptBuildPhase section */
		EEE8D4D42BDBD0C70037F668 /* swiftlint */ = {
			isa = PBXShellScriptBuildPhase;
			alwaysOutOfDate = 1;
			buildActionMask = 2147483647;
			files = (
			);
			inputFileListPaths = (
			);
			inputPaths = (
			);
			name = swiftlint;
			outputFileListPaths = (
			);
			outputPaths = (
			);
			runOnlyForDeploymentPostprocessing = 0;
			shellPath = /bin/sh;
			shellScript = "export PATH=\"$PATH:/opt/homebrew/bin\"\nif which swiftlint >/dev/null; then\n  swiftlint\nelse\n  echo \"warning: SwiftLint not installed, download from https://github.com/realm/SwiftLint\"\nfi \n";
		};
/* End PBXShellScriptBuildPhase section */

/* Begin PBXSourcesBuildPhase section */
		EE2DDD5F2BDBCB7B00361413 /* Sources */ = {
			isa = PBXSourcesBuildPhase;
			buildActionMask = 2147483647;
			files = (
				EEE8D54C2BDC3A880037F668 /* PaginationView.swift in Sources */,
				EEE8D4E52BDBD87D0037F668 /* Router.swift in Sources */,
				EEE8D4E82BDBD9620037F668 /* Action.swift in Sources */,
				EE7939092BE26E79004FF13C /* ShopfeeLoadingView.swift in Sources */,
				EEE8D53C2BDC1A2A0037F668 /* View+PrimaryStyle.swift in Sources */,
				EE7939152BE2753C004FF13C /* SendOTPUseCase.swift in Sources */,
				EE80C4E22BE245040001A599 /* PopUpTransitioningDelegate.swift in Sources */,
				EEE8D52F2BDC0D900037F668 /* SplashView.swift in Sources */,
				EE6EF9FE2BDFF4CF00E5C2E3 /* LoginView.swift in Sources */,
				EE6EF9FF2BDFF4CF00E5C2E3 /* LoginViewModel.swift in Sources */,
				EEE8D5312BDC0D9E0037F668 /* SplashViewController.swift in Sources */,
				EEDCE1722BE3AAC4003C0A24 /* EnterPinViewModel.swift in Sources */,
				EEE8D5342BDC14DD0037F668 /* ShopFeeText.swift in Sources */,
				EEE8D4E12BDBD8750037F668 /* ShopfeeCoordinator.swift in Sources */,
				EED29DFB2BE1714100548AFE /* PopUpViewController.swift in Sources */,
				EE6B4F832BDE552300E173BC /* ShopfeeTextField.swift in Sources */,
				EEE62DA92BE3868E00937ECA /* CreatePinViewModel.swift in Sources */,
				EED29DF62BE1615B00548AFE /* ShopfeeOTPTextField.swift in Sources */,
				EED68E6D2BDD40BB00774A4B /* RegisterView.swift in Sources */,
				EED68E6E2BDD40BB00774A4B /* RegisterViewModel.swift in Sources */,
				EEE8D5422BDC37090037F668 /* CGFloat+Constants.swift in Sources */,
				EEE62DCA2BE389D900937ECA /* ProcessAccountViewController.swift in Sources */,
				EEE8D5242BDBFCAA0037F668 /* OnboardingCoordinator.swift in Sources */,
				EED68E802BDD6FFD00774A4B /* OpenFromCenterPresentAnimator.swift in Sources */,
				EE80C4E42BE25B440001A599 /* GifView.swift in Sources */,
				EE2DDD672BDBCB7B00361413 /* AppDelegate.swift in Sources */,
				EE79390E2BE272E2004FF13C /* SendOTPView.swift in Sources */,
				EE79390F2BE272E2004FF13C /* SendOTPViewModel.swift in Sources */,
				EEE62DC72BE389D900937ECA /* ProcessAccountViewModel.swift in Sources */,
				EEE8D4E02BDBD8750037F668 /* Coordinator.swift in Sources */,
				EEE8D5172BDBF0D70037F668 /* UIFont+Style.swift in Sources */,
				EEE8D54F2BDC445B0037F668 /* OnboardingTabViewModel.swift in Sources */,
				EEE62DCC2BE389DE00937ECA /* ProcessAccountUseCase.swift in Sources */,
				EEE8D4E42BDBD87D0037F668 /* ShopfeeRouter.swift in Sources */,
				EEDCE1772BE3AB08003C0A24 /* EnterPinUseCase.swift in Sources */,
				EEE8D51D2BDBFB5C0037F668 /* OnboardingView.swift in Sources */,
				EE6EFA032BDFF64500E5C2E3 /* LoginCoordinator.swift in Sources */,
				EEE8D51E2BDBFB5C0037F668 /* OnboardingViewModel.swift in Sources */,
				EEE8D5492BDC3A880037F668 /* CapsulePaginationStyle.swift in Sources */,
				EE6EFA122BE00A7E00E5C2E3 /* OTPUseCase.swift in Sources */,
				EEDCE16B2BE3932C003C0A24 /* ShopfeePinTextField.swift in Sources */,
				EE6EFA012BDFF5B300E5C2E3 /* LoginViewController.swift in Sources */,
				EEE8D4DB2BDBD4FA0037F668 /* String+localized.swift in Sources */,
				EED68E702BDD40C500774A4B /* RegisterViewController.swift in Sources */,
				EE7939132BE274F5004FF13C /* SendOTPCoordinator.swift in Sources */,
				EEE62DA82BE3868E00937ECA /* PinViewController.swift in Sources */,
				EE6EFA142BE0189D00E5C2E3 /* View+navigationTitle.swift in Sources */,
				EE6EFA0E2BE008A900E5C2E3 /* OTPViewController.swift in Sources */,
				EEE8D54B2BDC3A880037F668 /* PaginationStyle.swift in Sources */,
				EEE8D54A2BDC3A880037F668 /* CirclePaginationStyle.swift in Sources */,
				EEDCE1742BE3AAE0003C0A24 /* EnterPinCoordinator.swift in Sources */,
				EE6EFA102BE008B600E5C2E3 /* OTPCoordinator.swift in Sources */,
				EE6EFA0B2BE0089B00E5C2E3 /* OTPView.swift in Sources */,
				EE6EFA0C2BE0089B00E5C2E3 /* OTPViewModel.swift in Sources */,
				EEE8D5222BDBFBEE0037F668 /* OnboardingViewController.swift in Sources */,
				EEE8D5362BDC16370037F668 /* ShopfeeLogo.swift in Sources */,
				EEE8D5262BDBFDF20037F668 /* OnboardingUseCase.swift in Sources */,
				EEE8D5162BDBF0D70037F668 /* Font+Style.swift in Sources */,
				EEE8D5392BDC16940037F668 /* SplashCoordinator.swift in Sources */,
				EEE62DAA2BE3868E00937ECA /* CreatePinCoordinator.swift in Sources */,
				EEB7B54D2BE1173D00AF684F /* OTPTextField.swift in Sources */,
				EED68E722BDD40CD00774A4B /* RegisterCoordinator.swift in Sources */,
				EE7939112BE27431004FF13C /* SendOTPViewController.swift in Sources */,
				EED29DF92BE16DBA00548AFE /* PopUpView.swift in Sources */,
				EED68E822BDD782600774A4B /* TermsAndCondition.swift in Sources */,
				EE0D8C5A2BE23BAE00C4E47A /* OTPPopUpItem.swift in Sources */,
				EEE62DA72BE3868E00937ECA /* PinView.swift in Sources */,
				EED68E742BDD41E800774A4B /* RegisterUseCase.swift in Sources */,
				EEE8D52B2BDC03700037F668 /* PrimaryButton.swift in Sources */,
				EEE62DC82BE389D900937ECA /* ProcessAccountCoordinator.swift in Sources */,
				EE2DDD692BDBCB7B00361413 /* SceneDelegate.swift in Sources */,
				EEE62DAD2BE3869700937ECA /* CreatePinUseCase.swift in Sources */,
				EEE62DC92BE389D900937ECA /* ProcessAccountView.swift in Sources */,
				EE6EFA052BDFF6F400E5C2E3 /* LoginUseCase.swift in Sources */,
			);
			runOnlyForDeploymentPostprocessing = 0;
		};
		EE2DDD752BDBCB7E00361413 /* Sources */ = {
			isa = PBXSourcesBuildPhase;
			buildActionMask = 2147483647;
			files = (
				EE2DDD7E2BDBCB7E00361413 /* ShopfeeTests.swift in Sources */,
			);
			runOnlyForDeploymentPostprocessing = 0;
		};
		EE2DDD7F2BDBCB7E00361413 /* Sources */ = {
			isa = PBXSourcesBuildPhase;
			buildActionMask = 2147483647;
			files = (
				EE2DDD882BDBCB7E00361413 /* ShopfeeUITests.swift in Sources */,
				EE2DDD8A2BDBCB7E00361413 /* ShopfeeUITestsLaunchTests.swift in Sources */,
			);
			runOnlyForDeploymentPostprocessing = 0;
		};
/* End PBXSourcesBuildPhase section */

/* Begin PBXTargetDependency section */
		EE2DDD7B2BDBCB7E00361413 /* PBXTargetDependency */ = {
			isa = PBXTargetDependency;
			target = EE2DDD622BDBCB7B00361413 /* Shopfee */;
			targetProxy = EE2DDD7A2BDBCB7E00361413 /* PBXContainerItemProxy */;
		};
		EE2DDD852BDBCB7E00361413 /* PBXTargetDependency */ = {
			isa = PBXTargetDependency;
			target = EE2DDD622BDBCB7B00361413 /* Shopfee */;
			targetProxy = EE2DDD842BDBCB7E00361413 /* PBXContainerItemProxy */;
		};
/* End PBXTargetDependency section */

/* Begin PBXVariantGroup section */
		EE2DDD712BDBCB7D00361413 /* LaunchScreen.storyboard */ = {
			isa = PBXVariantGroup;
			children = (
				EE2DDD722BDBCB7D00361413 /* Base */,
			);
			name = LaunchScreen.storyboard;
			sourceTree = "<group>";
		};
/* End PBXVariantGroup section */

/* Begin XCBuildConfiguration section */
		EE2DDD8B2BDBCB7E00361413 /* Debug */ = {
			isa = XCBuildConfiguration;
			buildSettings = {
				ALWAYS_SEARCH_USER_PATHS = NO;
				ASSETCATALOG_COMPILER_GENERATE_SWIFT_ASSET_SYMBOL_EXTENSIONS = YES;
				CLANG_ANALYZER_LOCALIZABILITY_NONLOCALIZED = YES;
				CLANG_ANALYZER_NONNULL = YES;
				CLANG_ANALYZER_NUMBER_OBJECT_CONVERSION = YES_AGGRESSIVE;
				CLANG_CXX_LANGUAGE_STANDARD = "gnu++20";
				CLANG_ENABLE_MODULES = YES;
				CLANG_ENABLE_OBJC_ARC = YES;
				CLANG_ENABLE_OBJC_WEAK = YES;
				CLANG_WARN_BLOCK_CAPTURE_AUTORELEASING = YES;
				CLANG_WARN_BOOL_CONVERSION = YES;
				CLANG_WARN_COMMA = YES;
				CLANG_WARN_CONSTANT_CONVERSION = YES;
				CLANG_WARN_DEPRECATED_OBJC_IMPLEMENTATIONS = YES;
				CLANG_WARN_DIRECT_OBJC_ISA_USAGE = YES_ERROR;
				CLANG_WARN_DOCUMENTATION_COMMENTS = YES;
				CLANG_WARN_EMPTY_BODY = YES;
				CLANG_WARN_ENUM_CONVERSION = YES;
				CLANG_WARN_INFINITE_RECURSION = YES;
				CLANG_WARN_INT_CONVERSION = YES;
				CLANG_WARN_NON_LITERAL_NULL_CONVERSION = YES;
				CLANG_WARN_OBJC_IMPLICIT_RETAIN_SELF = YES;
				CLANG_WARN_OBJC_LITERAL_CONVERSION = YES;
				CLANG_WARN_OBJC_ROOT_CLASS = YES_ERROR;
				CLANG_WARN_QUOTED_INCLUDE_IN_FRAMEWORK_HEADER = YES;
				CLANG_WARN_RANGE_LOOP_ANALYSIS = YES;
				CLANG_WARN_STRICT_PROTOTYPES = YES;
				CLANG_WARN_SUSPICIOUS_MOVE = YES;
				CLANG_WARN_UNGUARDED_AVAILABILITY = YES_AGGRESSIVE;
				CLANG_WARN_UNREACHABLE_CODE = YES;
				CLANG_WARN__DUPLICATE_METHOD_MATCH = YES;
				COPY_PHASE_STRIP = NO;
				DEBUG_INFORMATION_FORMAT = dwarf;
				ENABLE_STRICT_OBJC_MSGSEND = YES;
				ENABLE_TESTABILITY = YES;
				ENABLE_USER_SCRIPT_SANDBOXING = NO;
				GCC_C_LANGUAGE_STANDARD = gnu17;
				GCC_DYNAMIC_NO_PIC = NO;
				GCC_NO_COMMON_BLOCKS = YES;
				GCC_OPTIMIZATION_LEVEL = 0;
				GCC_PREPROCESSOR_DEFINITIONS = (
					"DEBUG=1",
					"$(inherited)",
				);
				GCC_WARN_64_TO_32_BIT_CONVERSION = YES;
				GCC_WARN_ABOUT_RETURN_TYPE = YES_ERROR;
				GCC_WARN_UNDECLARED_SELECTOR = YES;
				GCC_WARN_UNINITIALIZED_AUTOS = YES_AGGRESSIVE;
				GCC_WARN_UNUSED_FUNCTION = YES;
				GCC_WARN_UNUSED_VARIABLE = YES;
				IPHONEOS_DEPLOYMENT_TARGET = 16.0;
				LOCALIZATION_PREFERS_STRING_CATALOGS = YES;
				MTL_ENABLE_DEBUG_INFO = INCLUDE_SOURCE;
				MTL_FAST_MATH = YES;
				ONLY_ACTIVE_ARCH = YES;
				SDKROOT = iphoneos;
				SWIFT_ACTIVE_COMPILATION_CONDITIONS = "DEBUG $(inherited)";
				SWIFT_OPTIMIZATION_LEVEL = "-Onone";
			};
			name = Debug;
		};
		EE2DDD8C2BDBCB7E00361413 /* Release */ = {
			isa = XCBuildConfiguration;
			buildSettings = {
				ALWAYS_SEARCH_USER_PATHS = NO;
				ASSETCATALOG_COMPILER_GENERATE_SWIFT_ASSET_SYMBOL_EXTENSIONS = YES;
				CLANG_ANALYZER_LOCALIZABILITY_NONLOCALIZED = YES;
				CLANG_ANALYZER_NONNULL = YES;
				CLANG_ANALYZER_NUMBER_OBJECT_CONVERSION = YES_AGGRESSIVE;
				CLANG_CXX_LANGUAGE_STANDARD = "gnu++20";
				CLANG_ENABLE_MODULES = YES;
				CLANG_ENABLE_OBJC_ARC = YES;
				CLANG_ENABLE_OBJC_WEAK = YES;
				CLANG_WARN_BLOCK_CAPTURE_AUTORELEASING = YES;
				CLANG_WARN_BOOL_CONVERSION = YES;
				CLANG_WARN_COMMA = YES;
				CLANG_WARN_CONSTANT_CONVERSION = YES;
				CLANG_WARN_DEPRECATED_OBJC_IMPLEMENTATIONS = YES;
				CLANG_WARN_DIRECT_OBJC_ISA_USAGE = YES_ERROR;
				CLANG_WARN_DOCUMENTATION_COMMENTS = YES;
				CLANG_WARN_EMPTY_BODY = YES;
				CLANG_WARN_ENUM_CONVERSION = YES;
				CLANG_WARN_INFINITE_RECURSION = YES;
				CLANG_WARN_INT_CONVERSION = YES;
				CLANG_WARN_NON_LITERAL_NULL_CONVERSION = YES;
				CLANG_WARN_OBJC_IMPLICIT_RETAIN_SELF = YES;
				CLANG_WARN_OBJC_LITERAL_CONVERSION = YES;
				CLANG_WARN_OBJC_ROOT_CLASS = YES_ERROR;
				CLANG_WARN_QUOTED_INCLUDE_IN_FRAMEWORK_HEADER = YES;
				CLANG_WARN_RANGE_LOOP_ANALYSIS = YES;
				CLANG_WARN_STRICT_PROTOTYPES = YES;
				CLANG_WARN_SUSPICIOUS_MOVE = YES;
				CLANG_WARN_UNGUARDED_AVAILABILITY = YES_AGGRESSIVE;
				CLANG_WARN_UNREACHABLE_CODE = YES;
				CLANG_WARN__DUPLICATE_METHOD_MATCH = YES;
				COPY_PHASE_STRIP = NO;
				DEBUG_INFORMATION_FORMAT = "dwarf-with-dsym";
				ENABLE_NS_ASSERTIONS = NO;
				ENABLE_STRICT_OBJC_MSGSEND = YES;
				ENABLE_USER_SCRIPT_SANDBOXING = NO;
				GCC_C_LANGUAGE_STANDARD = gnu17;
				GCC_NO_COMMON_BLOCKS = YES;
				GCC_WARN_64_TO_32_BIT_CONVERSION = YES;
				GCC_WARN_ABOUT_RETURN_TYPE = YES_ERROR;
				GCC_WARN_UNDECLARED_SELECTOR = YES;
				GCC_WARN_UNINITIALIZED_AUTOS = YES_AGGRESSIVE;
				GCC_WARN_UNUSED_FUNCTION = YES;
				GCC_WARN_UNUSED_VARIABLE = YES;
				IPHONEOS_DEPLOYMENT_TARGET = 16.0;
				LOCALIZATION_PREFERS_STRING_CATALOGS = YES;
				MTL_ENABLE_DEBUG_INFO = NO;
				MTL_FAST_MATH = YES;
				SDKROOT = iphoneos;
				SWIFT_COMPILATION_MODE = wholemodule;
				VALIDATE_PRODUCT = YES;
			};
			name = Release;
		};
		EE2DDD8E2BDBCB7E00361413 /* Debug */ = {
			isa = XCBuildConfiguration;
			buildSettings = {
				ASSETCATALOG_COMPILER_APPICON_NAME = AppIcon;
				ASSETCATALOG_COMPILER_GLOBAL_ACCENT_COLOR_NAME = AccentColor;
				CODE_SIGN_STYLE = Automatic;
				CURRENT_PROJECT_VERSION = 1;
				DEVELOPMENT_TEAM = 4U8DMJ33ZN;
				GENERATE_INFOPLIST_FILE = YES;
				INFOPLIST_FILE = Shopfee/Info.plist;
				INFOPLIST_KEY_UIApplicationSupportsIndirectInputEvents = YES;
				INFOPLIST_KEY_UILaunchStoryboardName = LaunchScreen;
				INFOPLIST_KEY_UISupportedInterfaceOrientations_iPad = "UIInterfaceOrientationPortrait UIInterfaceOrientationPortraitUpsideDown UIInterfaceOrientationLandscapeLeft UIInterfaceOrientationLandscapeRight";
				INFOPLIST_KEY_UISupportedInterfaceOrientations_iPhone = "UIInterfaceOrientationPortrait UIInterfaceOrientationLandscapeLeft UIInterfaceOrientationLandscapeRight";
				IPHONEOS_DEPLOYMENT_TARGET = 16.0;
				LD_RUNPATH_SEARCH_PATHS = (
					"$(inherited)",
					"@executable_path/Frameworks",
				);
				MARKETING_VERSION = 1.0;
				PRODUCT_BUNDLE_IDENTIFIER = com.yamany.shopfee;
				PRODUCT_NAME = "$(TARGET_NAME)";
				SWIFT_EMIT_LOC_STRINGS = YES;
				SWIFT_VERSION = 5.0;
				TARGETED_DEVICE_FAMILY = "1,2";
			};
			name = Debug;
		};
		EE2DDD8F2BDBCB7E00361413 /* Release */ = {
			isa = XCBuildConfiguration;
			buildSettings = {
				ASSETCATALOG_COMPILER_APPICON_NAME = AppIcon;
				ASSETCATALOG_COMPILER_GLOBAL_ACCENT_COLOR_NAME = AccentColor;
				CODE_SIGN_STYLE = Automatic;
				CURRENT_PROJECT_VERSION = 1;
				DEVELOPMENT_TEAM = 4U8DMJ33ZN;
				GENERATE_INFOPLIST_FILE = YES;
				INFOPLIST_FILE = Shopfee/Info.plist;
				INFOPLIST_KEY_UIApplicationSupportsIndirectInputEvents = YES;
				INFOPLIST_KEY_UILaunchStoryboardName = LaunchScreen;
				INFOPLIST_KEY_UISupportedInterfaceOrientations_iPad = "UIInterfaceOrientationPortrait UIInterfaceOrientationPortraitUpsideDown UIInterfaceOrientationLandscapeLeft UIInterfaceOrientationLandscapeRight";
				INFOPLIST_KEY_UISupportedInterfaceOrientations_iPhone = "UIInterfaceOrientationPortrait UIInterfaceOrientationLandscapeLeft UIInterfaceOrientationLandscapeRight";
				IPHONEOS_DEPLOYMENT_TARGET = 16.0;
				LD_RUNPATH_SEARCH_PATHS = (
					"$(inherited)",
					"@executable_path/Frameworks",
				);
				MARKETING_VERSION = 1.0;
				PRODUCT_BUNDLE_IDENTIFIER = com.yamany.shopfee;
				PRODUCT_NAME = "$(TARGET_NAME)";
				SWIFT_EMIT_LOC_STRINGS = YES;
				SWIFT_VERSION = 5.0;
				TARGETED_DEVICE_FAMILY = "1,2";
			};
			name = Release;
		};
		EE2DDD912BDBCB7E00361413 /* Debug */ = {
			isa = XCBuildConfiguration;
			buildSettings = {
				ALWAYS_EMBED_SWIFT_STANDARD_LIBRARIES = YES;
				BUNDLE_LOADER = "$(TEST_HOST)";
				CODE_SIGN_STYLE = Automatic;
				CURRENT_PROJECT_VERSION = 1;
				DEVELOPMENT_TEAM = 4U8DMJ33ZN;
				GENERATE_INFOPLIST_FILE = YES;
				IPHONEOS_DEPLOYMENT_TARGET = 17.4;
				MARKETING_VERSION = 1.0;
				PRODUCT_BUNDLE_IDENTIFIER = com.yamany.shopfeeTests;
				PRODUCT_NAME = "$(TARGET_NAME)";
				SWIFT_EMIT_LOC_STRINGS = NO;
				SWIFT_VERSION = 5.0;
				TARGETED_DEVICE_FAMILY = "1,2";
				TEST_HOST = "$(BUILT_PRODUCTS_DIR)/Shopfee.app/$(BUNDLE_EXECUTABLE_FOLDER_PATH)/Shopfee";
			};
			name = Debug;
		};
		EE2DDD922BDBCB7E00361413 /* Release */ = {
			isa = XCBuildConfiguration;
			buildSettings = {
				ALWAYS_EMBED_SWIFT_STANDARD_LIBRARIES = YES;
				BUNDLE_LOADER = "$(TEST_HOST)";
				CODE_SIGN_STYLE = Automatic;
				CURRENT_PROJECT_VERSION = 1;
				DEVELOPMENT_TEAM = 4U8DMJ33ZN;
				GENERATE_INFOPLIST_FILE = YES;
				IPHONEOS_DEPLOYMENT_TARGET = 17.4;
				MARKETING_VERSION = 1.0;
				PRODUCT_BUNDLE_IDENTIFIER = com.yamany.shopfeeTests;
				PRODUCT_NAME = "$(TARGET_NAME)";
				SWIFT_EMIT_LOC_STRINGS = NO;
				SWIFT_VERSION = 5.0;
				TARGETED_DEVICE_FAMILY = "1,2";
				TEST_HOST = "$(BUILT_PRODUCTS_DIR)/Shopfee.app/$(BUNDLE_EXECUTABLE_FOLDER_PATH)/Shopfee";
			};
			name = Release;
		};
		EE2DDD942BDBCB7E00361413 /* Debug */ = {
			isa = XCBuildConfiguration;
			buildSettings = {
				ALWAYS_EMBED_SWIFT_STANDARD_LIBRARIES = YES;
				CODE_SIGN_STYLE = Automatic;
				CURRENT_PROJECT_VERSION = 1;
				DEVELOPMENT_TEAM = 4U8DMJ33ZN;
				GENERATE_INFOPLIST_FILE = YES;
				MARKETING_VERSION = 1.0;
				PRODUCT_BUNDLE_IDENTIFIER = com.yamany.shopfeeUITests;
				PRODUCT_NAME = "$(TARGET_NAME)";
				SWIFT_EMIT_LOC_STRINGS = NO;
				SWIFT_VERSION = 5.0;
				TARGETED_DEVICE_FAMILY = "1,2";
				TEST_TARGET_NAME = Shopfee;
			};
			name = Debug;
		};
		EE2DDD952BDBCB7E00361413 /* Release */ = {
			isa = XCBuildConfiguration;
			buildSettings = {
				ALWAYS_EMBED_SWIFT_STANDARD_LIBRARIES = YES;
				CODE_SIGN_STYLE = Automatic;
				CURRENT_PROJECT_VERSION = 1;
				DEVELOPMENT_TEAM = 4U8DMJ33ZN;
				GENERATE_INFOPLIST_FILE = YES;
				MARKETING_VERSION = 1.0;
				PRODUCT_BUNDLE_IDENTIFIER = com.yamany.shopfeeUITests;
				PRODUCT_NAME = "$(TARGET_NAME)";
				SWIFT_EMIT_LOC_STRINGS = NO;
				SWIFT_VERSION = 5.0;
				TARGETED_DEVICE_FAMILY = "1,2";
				TEST_TARGET_NAME = Shopfee;
			};
			name = Release;
		};
/* End XCBuildConfiguration section */

/* Begin XCConfigurationList section */
		EE2DDD5E2BDBCB7B00361413 /* Build configuration list for PBXProject "Shopfee" */ = {
			isa = XCConfigurationList;
			buildConfigurations = (
				EE2DDD8B2BDBCB7E00361413 /* Debug */,
				EE2DDD8C2BDBCB7E00361413 /* Release */,
			);
			defaultConfigurationIsVisible = 0;
			defaultConfigurationName = Release;
		};
		EE2DDD8D2BDBCB7E00361413 /* Build configuration list for PBXNativeTarget "Shopfee" */ = {
			isa = XCConfigurationList;
			buildConfigurations = (
				EE2DDD8E2BDBCB7E00361413 /* Debug */,
				EE2DDD8F2BDBCB7E00361413 /* Release */,
			);
			defaultConfigurationIsVisible = 0;
			defaultConfigurationName = Release;
		};
		EE2DDD902BDBCB7E00361413 /* Build configuration list for PBXNativeTarget "ShopfeeTests" */ = {
			isa = XCConfigurationList;
			buildConfigurations = (
				EE2DDD912BDBCB7E00361413 /* Debug */,
				EE2DDD922BDBCB7E00361413 /* Release */,
			);
			defaultConfigurationIsVisible = 0;
			defaultConfigurationName = Release;
		};
		EE2DDD932BDBCB7E00361413 /* Build configuration list for PBXNativeTarget "ShopfeeUITests" */ = {
			isa = XCConfigurationList;
			buildConfigurations = (
				EE2DDD942BDBCB7E00361413 /* Debug */,
				EE2DDD952BDBCB7E00361413 /* Release */,
			);
			defaultConfigurationIsVisible = 0;
			defaultConfigurationName = Release;
		};
/* End XCConfigurationList section */

/* Begin XCRemoteSwiftPackageReference section */
		EED68E652BDD2EA800774A4B /* XCRemoteSwiftPackageReference "FoundationExtensions" */ = {
			isa = XCRemoteSwiftPackageReference;
			repositoryURL = "https://github.com/ahmed-yamany/FoundationExtensions";
			requirement = {
				branch = main;
				kind = branch;
			};
		};
		EED68E7C2BDD52FA00774A4B /* XCRemoteSwiftPackageReference "MakeConstraints" */ = {
			isa = XCRemoteSwiftPackageReference;
			repositoryURL = "https://github.com/ahmed-yamany/MakeConstraints";
			requirement = {
				branch = main;
				kind = branch;
			};
		};
		EEE8D53D2BDC36270037F668 /* XCRemoteSwiftPackageReference "SwiftUIModifiers" */ = {
			isa = XCRemoteSwiftPackageReference;
			repositoryURL = "https://github.com/ahmed-yamany/SwiftUIModifiers";
			requirement = {
				branch = main;
				kind = branch;
			};
		};
/* End XCRemoteSwiftPackageReference section */

/* Begin XCSwiftPackageProductDependency section */
		EED68E662BDD2EA800774A4B /* FoundationExtensions */ = {
			isa = XCSwiftPackageProductDependency;
			package = EED68E652BDD2EA800774A4B /* XCRemoteSwiftPackageReference "FoundationExtensions" */;
			productName = FoundationExtensions;
		};
		EED68E7D2BDD52FA00774A4B /* MakeConstraints */ = {
			isa = XCSwiftPackageProductDependency;
			package = EED68E7C2BDD52FA00774A4B /* XCRemoteSwiftPackageReference "MakeConstraints" */;
			productName = MakeConstraints;
		};
		EEE8D53E2BDC36270037F668 /* SwiftUIModifiers */ = {
			isa = XCSwiftPackageProductDependency;
			package = EEE8D53D2BDC36270037F668 /* XCRemoteSwiftPackageReference "SwiftUIModifiers" */;
			productName = SwiftUIModifiers;
		};
/* End XCSwiftPackageProductDependency section */
	};
	rootObject = EE2DDD5B2BDBCB7B00361413 /* Project object */;
}
