{
  "originHash" : "e88141723c646d2142f69349ff998c0662bb13151b1688c16c6b0232bed0b16d",
  "pins" : [
    {
      "identity" : "compositionallayoutablesection",
      "kind" : "remoteSourceControl",
      "location" : "https://github.com/ahmed-yamany/CompositionalLayoutableSection",
      "state" : {
        "branch" : "main",
        "revision" : "2d0f744b4f7398ca32533a2001a6224b125be04b"
      }
    },
    {
      "identity" : "customviews",
      "kind" : "remoteSourceControl",
      "location" : "https://github.com/ahmed-yamany/CustomViews",
      "state" : {
        "branch" : "main",
        "revision" : "131f8e93204fd527c736a940ca74b259cfb0ff2c"
      }
    },
    {
      "identity" : "foundationextensions",
      "kind" : "remoteSourceControl",
      "location" : "https://github.com/ahmed-yamany/FoundationExtensions",
      "state" : {
        "branch" : "main",
        "revision" : "b1a97680625249f67e26ac91c35c4066900a1c13"
      }
    },
    {
      "identity" : "makeconstraints",
      "kind" : "remoteSourceControl",
      "location" : "https://github.com/ahmed-yamany/MakeConstraints",
      "state" : {
        "branch" : "main",
        "revision" : "13f87095762f92ddb07f0adbe2606f9216c603ce"
      }
    },
    {
      "identity" : "swiftuimodifiers",
      "kind" : "remoteSourceControl",
      "location" : "https://github.com/ahmed-yamany/SwiftUIModifiers",
      "state" : {
        "branch" : "main",
        "revision" : "1940a4783a216d047f45ba78b3bb058fa89ad467"
      }
    }
  ],
  "version" : 3
}
