{
  "originHash" : "471c09ec7d2b4afe0dd1f0339d877d00ff3b28c29a7e66b7f4a90ee7d783e010",
  "pins" : [
    {
      "identity" : "foundationextensions",
      "kind" : "remoteSourceControl",
      "location" : "https://github.com/ahmed-yamany/FoundationExtensions",
      "state" : {
        "branch" : "main",
        "revision" : "b1a97680625249f67e26ac91c35c4066900a1c13"
      }
    },
    {
      "identity" : "makeconstraints",
      "kind" : "remoteSourceControl",
      "location" : "https://github.com/ahmed-yamany/MakeConstraints",
      "state" : {
        "branch" : "main",
        "revision" : "13f87095762f92ddb07f0adbe2606f9216c603ce"
      }
    },
    {
      "identity" : "swiftuimodifiers",
      "kind" : "remoteSourceControl",
      "location" : "https://github.com/ahmed-yamany/SwiftUIModifiers",
      "state" : {
        "branch" : "main",
        "revision" : "1940a4783a216d047f45ba78b3bb058fa89ad467"
      }
    }
  ],
  "version" : 3
}
